// !$*UTF8*$!
{
	archiveVersion = 1;
	classes = {
	};
	objectVersion = 46;
	objects = {

/* Begin PBXBuildFile section */
		553859561A138E510067A33F /* DejalActivityView.m in Sources */ = {isa = PBXBuildFile; fileRef = 553859551A138E510067A33F /* DejalActivityView.m */; };
		553859581A13AFCA0067A33F /* LTChatViewController.swift in Sources */ = {isa = PBXBuildFile; fileRef = 553859571A13AFCA0067A33F /* LTChatViewController.swift */; };
		55CC14FD1A3B2A9400C1456C /* Reachability.m in Sources */ = {isa = PBXBuildFile; fileRef = 55CC14FC1A3B2A9400C1456C /* Reachability.m */; };
		55D666061A135F2C001747B0 /* LTApiManager.swift in Sources */ = {isa = PBXBuildFile; fileRef = 55D666051A135F2C001747B0 /* LTApiManager.swift */; };
		55D666081A1364CC001747B0 /* LTEnvolvingViewController.swift in Sources */ = {isa = PBXBuildFile; fileRef = 55D666071A1364CC001747B0 /* LTEnvolvingViewController.swift */; };
		55D666131A136616001747B0 /* bad_icon@2x.png in Resources */ = {isa = PBXBuildFile; fileRef = 55D6660A1A136616001747B0 /* bad_icon@2x.png */; };
		55D666141A136616001747B0 /* cancel_btn@2x.png in Resources */ = {isa = PBXBuildFile; fileRef = 55D6660B1A136616001747B0 /* cancel_btn@2x.png */; };
		55D666151A136616001747B0 /* complaint_icon@2x.png in Resources */ = {isa = PBXBuildFile; fileRef = 55D6660C1A136616001747B0 /* complaint_icon@2x.png */; };
		55D666161A136616001747B0 /* dropdown_arrow@2x.png in Resources */ = {isa = PBXBuildFile; fileRef = 55D6660D1A136616001747B0 /* dropdown_arrow@2x.png */; };
		55D666171A136616001747B0 /* good_icon@2x.png in Resources */ = {isa = PBXBuildFile; fileRef = 55D6660E1A136616001747B0 /* good_icon@2x.png */; };
		55D666181A136616001747B0 /* navigation_bar_background@2x.png in Resources */ = {isa = PBXBuildFile; fileRef = 55D6660F1A136616001747B0 /* navigation_bar_background@2x.png */; };
		55D666191A136616001747B0 /* next_arrow@2x.png in Resources */ = {isa = PBXBuildFile; fileRef = 55D666101A136616001747B0 /* next_arrow@2x.png */; };
		55D6661A1A136616001747B0 /* Rectangle@2x.png in Resources */ = {isa = PBXBuildFile; fileRef = 55D666111A136616001747B0 /* Rectangle@2x.png */; };
		55D6661B1A136616001747B0 /* send_btn@2x.png in Resources */ = {isa = PBXBuildFile; fileRef = 55D666121A136616001747B0 /* send_btn@2x.png */; };
		55DEA8EE1A35D7DC006ED45A /* LTChatMessageTableViewCell.swift in Sources */ = {isa = PBXBuildFile; fileRef = 55DEA8EB1A35D7DC006ED45A /* LTChatMessageTableViewCell.swift */; };
		55DEA8EF1A35D7DC006ED45A /* LTClaimingViewController.swift in Sources */ = {isa = PBXBuildFile; fileRef = 55DEA8EC1A35D7DC006ED45A /* LTClaimingViewController.swift */; };
		55DEA8F21A35DDF8006ED45A /* LTSystemMessageTableViewCell.swift in Sources */ = {isa = PBXBuildFile; fileRef = 55DEA8F11A35DDF8006ED45A /* LTSystemMessageTableViewCell.swift */; };
		55DF2E331A14C93700C4DDD9 /* baloon_blue@2x.png in Resources */ = {isa = PBXBuildFile; fileRef = 55DF2E2E1A14C93700C4DDD9 /* baloon_blue@2x.png */; };
		55DF2E341A14C93700C4DDD9 /* baloon_gray@2x.png in Resources */ = {isa = PBXBuildFile; fileRef = 55DF2E2F1A14C93700C4DDD9 /* baloon_gray@2x.png */; };
		55DF2E351A14C93700C4DDD9 /* bot_backgroud.png in Resources */ = {isa = PBXBuildFile; fileRef = 55DF2E301A14C93700C4DDD9 /* bot_backgroud.png */; };
		55DF2E361A14C93700C4DDD9 /* top_background.png in Resources */ = {isa = PBXBuildFile; fileRef = 55DF2E311A14C93700C4DDD9 /* top_background.png */; };
		55DF2E371A14C93700C4DDD9 /* Ваш вопрос 2.png in Resources */ = {isa = PBXBuildFile; fileRef = 55DF2E321A14C93700C4DDD9 /* Ваш вопрос 2.png */; };
		55DF2E391A14FA9200C4DDD9 /* ava@2x.jpg in Resources */ = {isa = PBXBuildFile; fileRef = 55DF2E381A14FA9200C4DDD9 /* ava@2x.jpg */; };
		55E17BB91A4972B000F503A1 /* chat_msg_double_checked@2x.png in Resources */ = {isa = PBXBuildFile; fileRef = 55E17BB81A4972B000F503A1 /* chat_msg_double_checked@2x.png */; };
		55E17BBB1A4974EB00F503A1 /* LTSWTextMessage.swift in Sources */ = {isa = PBXBuildFile; fileRef = 55E17BBA1A4974EB00F503A1 /* LTSWTextMessage.swift */; };
		55F73B011A0A6EB800C28B0A /* AppDelegate.swift in Sources */ = {isa = PBXBuildFile; fileRef = 55F73B001A0A6EB800C28B0A /* AppDelegate.swift */; };
		55F73B061A0A6EB900C28B0A /* LTAuthorizationViewController.swift in Sources */ = {isa = PBXBuildFile; fileRef = 55F73B051A0A6EB900C28B0A /* LTAuthorizationViewController.swift */; };
		55F73B091A0A6EB900C28B0A /* Main.storyboard in Resources */ = {isa = PBXBuildFile; fileRef = 55F73B071A0A6EB900C28B0A /* Main.storyboard */; };
		55F73B0B1A0A6EB900C28B0A /* Images.xcassets in Resources */ = {isa = PBXBuildFile; fileRef = 55F73B0A1A0A6EB900C28B0A /* Images.xcassets */; };
		55F73B0E1A0A6EB900C28B0A /* LaunchScreen.xib in Resources */ = {isa = PBXBuildFile; fileRef = 55F73B0C1A0A6EB900C28B0A /* LaunchScreen.xib */; };
		7EDB52E41B2084D6005320B4 /* libLTMobileSDK.a in Frameworks */ = {isa = PBXBuildFile; fileRef = 7EDB52E31B2084D6005320B4 /* libLTMobileSDK.a */; };
		7EDB52EB1B2323D1005320B4 /* LTOfflineConversationTableViewCell.swift in Sources */ = {isa = PBXBuildFile; fileRef = 7EDB52EA1B2323D1005320B4 /* LTOfflineConversationTableViewCell.swift */; };
		7EDB52ED1B232414005320B4 /* LTOfflineConversationTableViewController.swift in Sources */ = {isa = PBXBuildFile; fileRef = 7EDB52EC1B232414005320B4 /* LTOfflineConversationTableViewController.swift */; };
		7EDB52EF1B232CAD005320B4 /* LTOfflineConversationCreationViewController.swift in Sources */ = {isa = PBXBuildFile; fileRef = 7EDB52EE1B232CAD005320B4 /* LTOfflineConversationCreationViewController.swift */; };
/* End PBXBuildFile section */

/* Begin PBXFileReference section */
		553859541A138E510067A33F /* DejalActivityView.h */ = {isa = PBXFileReference; fileEncoding = 4; lastKnownFileType = sourcecode.c.h; path = DejalActivityView.h; sourceTree = "<group>"; };
		553859551A138E510067A33F /* DejalActivityView.m */ = {isa = PBXFileReference; fileEncoding = 4; lastKnownFileType = sourcecode.c.objc; path = DejalActivityView.m; sourceTree = "<group>"; };
		553859571A13AFCA0067A33F /* LTChatViewController.swift */ = {isa = PBXFileReference; fileEncoding = 4; lastKnownFileType = sourcecode.swift; path = LTChatViewController.swift; sourceTree = "<group>"; };
		55CC14FB1A3B2A9400C1456C /* Reachability.h */ = {isa = PBXFileReference; fileEncoding = 4; lastKnownFileType = sourcecode.c.h; path = Reachability.h; sourceTree = "<group>"; };
		55CC14FC1A3B2A9400C1456C /* Reachability.m */ = {isa = PBXFileReference; fileEncoding = 4; lastKnownFileType = sourcecode.c.objc; path = Reachability.m; sourceTree = "<group>"; };
		55D6657F1A127AA5001747B0 /* LTObjcBridging.h */ = {isa = PBXFileReference; lastKnownFileType = sourcecode.c.h; path = LTObjcBridging.h; sourceTree = "<group>"; };
		55D666051A135F2C001747B0 /* LTApiManager.swift */ = {isa = PBXFileReference; fileEncoding = 4; lastKnownFileType = sourcecode.swift; path = LTApiManager.swift; sourceTree = "<group>"; };
		55D666071A1364CC001747B0 /* LTEnvolvingViewController.swift */ = {isa = PBXFileReference; fileEncoding = 4; lastKnownFileType = sourcecode.swift; path = LTEnvolvingViewController.swift; sourceTree = "<group>"; };
		55D6660A1A136616001747B0 /* bad_icon@2x.png */ = {isa = PBXFileReference; lastKnownFileType = image.png; path = "bad_icon@2x.png"; sourceTree = "<group>"; };
		55D6660B1A136616001747B0 /* cancel_btn@2x.png */ = {isa = PBXFileReference; lastKnownFileType = image.png; path = "cancel_btn@2x.png"; sourceTree = "<group>"; };
		55D6660C1A136616001747B0 /* complaint_icon@2x.png */ = {isa = PBXFileReference; lastKnownFileType = image.png; path = "complaint_icon@2x.png"; sourceTree = "<group>"; };
		55D6660D1A136616001747B0 /* dropdown_arrow@2x.png */ = {isa = PBXFileReference; lastKnownFileType = image.png; path = "dropdown_arrow@2x.png"; sourceTree = "<group>"; };
		55D6660E1A136616001747B0 /* good_icon@2x.png */ = {isa = PBXFileReference; lastKnownFileType = image.png; path = "good_icon@2x.png"; sourceTree = "<group>"; };
		55D6660F1A136616001747B0 /* navigation_bar_background@2x.png */ = {isa = PBXFileReference; lastKnownFileType = image.png; path = "navigation_bar_background@2x.png"; sourceTree = "<group>"; };
		55D666101A136616001747B0 /* next_arrow@2x.png */ = {isa = PBXFileReference; lastKnownFileType = image.png; path = "next_arrow@2x.png"; sourceTree = "<group>"; };
		55D666111A136616001747B0 /* Rectangle@2x.png */ = {isa = PBXFileReference; lastKnownFileType = image.png; path = "Rectangle@2x.png"; sourceTree = "<group>"; };
		55D666121A136616001747B0 /* send_btn@2x.png */ = {isa = PBXFileReference; lastKnownFileType = image.png; path = "send_btn@2x.png"; sourceTree = "<group>"; };
		55DEA8EB1A35D7DC006ED45A /* LTChatMessageTableViewCell.swift */ = {isa = PBXFileReference; fileEncoding = 4; lastKnownFileType = sourcecode.swift; path = LTChatMessageTableViewCell.swift; sourceTree = "<group>"; };
		55DEA8EC1A35D7DC006ED45A /* LTClaimingViewController.swift */ = {isa = PBXFileReference; fileEncoding = 4; lastKnownFileType = sourcecode.swift; path = LTClaimingViewController.swift; sourceTree = "<group>"; };
		55DEA8F11A35DDF8006ED45A /* LTSystemMessageTableViewCell.swift */ = {isa = PBXFileReference; fileEncoding = 4; lastKnownFileType = sourcecode.swift; path = LTSystemMessageTableViewCell.swift; sourceTree = "<group>"; };
		55DF2E2E1A14C93700C4DDD9 /* baloon_blue@2x.png */ = {isa = PBXFileReference; lastKnownFileType = image.png; path = "baloon_blue@2x.png"; sourceTree = "<group>"; };
		55DF2E2F1A14C93700C4DDD9 /* baloon_gray@2x.png */ = {isa = PBXFileReference; lastKnownFileType = image.png; path = "baloon_gray@2x.png"; sourceTree = "<group>"; };
		55DF2E301A14C93700C4DDD9 /* bot_backgroud.png */ = {isa = PBXFileReference; lastKnownFileType = image.png; path = bot_backgroud.png; sourceTree = "<group>"; };
		55DF2E311A14C93700C4DDD9 /* top_background.png */ = {isa = PBXFileReference; lastKnownFileType = image.png; path = top_background.png; sourceTree = "<group>"; };
		55DF2E321A14C93700C4DDD9 /* Ваш вопрос 2.png */ = {isa = PBXFileReference; lastKnownFileType = image.png; path = "Ваш вопрос 2.png"; sourceTree = "<group>"; };
		55DF2E381A14FA9200C4DDD9 /* ava@2x.jpg */ = {isa = PBXFileReference; lastKnownFileType = image.jpeg; path = "ava@2x.jpg"; sourceTree = "<group>"; };
		55E17BB81A4972B000F503A1 /* chat_msg_double_checked@2x.png */ = {isa = PBXFileReference; lastKnownFileType = image.png; path = "chat_msg_double_checked@2x.png"; sourceTree = "<group>"; };
		55E17BBA1A4974EB00F503A1 /* LTSWTextMessage.swift */ = {isa = PBXFileReference; fileEncoding = 4; lastKnownFileType = sourcecode.swift; path = LTSWTextMessage.swift; sourceTree = "<group>"; };
		55F73AFB1A0A6EB800C28B0A /* LiveTex_SDK_Demo.app */ = {isa = PBXFileReference; explicitFileType = wrapper.application; includeInIndex = 0; path = LiveTex_SDK_Demo.app; sourceTree = BUILT_PRODUCTS_DIR; };
		55F73AFF1A0A6EB800C28B0A /* Info.plist */ = {isa = PBXFileReference; lastKnownFileType = text.plist.xml; path = Info.plist; sourceTree = "<group>"; };
		55F73B001A0A6EB800C28B0A /* AppDelegate.swift */ = {isa = PBXFileReference; lastKnownFileType = sourcecode.swift; lineEnding = 0; path = AppDelegate.swift; sourceTree = "<group>"; };
		55F73B051A0A6EB900C28B0A /* LTAuthorizationViewController.swift */ = {isa = PBXFileReference; lastKnownFileType = sourcecode.swift; path = LTAuthorizationViewController.swift; sourceTree = "<group>"; };
		55F73B081A0A6EB900C28B0A /* Base */ = {isa = PBXFileReference; lastKnownFileType = file.storyboard; name = Base; path = Base.lproj/Main.storyboard; sourceTree = "<group>"; };
		55F73B0A1A0A6EB900C28B0A /* Images.xcassets */ = {isa = PBXFileReference; lastKnownFileType = folder.assetcatalog; path = Images.xcassets; sourceTree = "<group>"; };
		55F73B0D1A0A6EB900C28B0A /* Base */ = {isa = PBXFileReference; lastKnownFileType = file.xib; name = Base; path = Base.lproj/LaunchScreen.xib; sourceTree = "<group>"; };
		7EDB52E31B2084D6005320B4 /* libLTMobileSDK.a */ = {isa = PBXFileReference; lastKnownFileType = archive.ar; path = libLTMobileSDK.a; sourceTree = "<group>"; };
		7EDB52E51B2084E3005320B4 /* LTSDKModel.h */ = {isa = PBXFileReference; lastKnownFileType = sourcecode.c.h; path = LTSDKModel.h; sourceTree = "<group>"; };
		7EDB52E61B2084E3005320B4 /* LTMobileSDK.h */ = {isa = PBXFileReference; lastKnownFileType = sourcecode.c.h; path = LTMobileSDK.h; sourceTree = "<group>"; };
		7EDB52EA1B2323D1005320B4 /* LTOfflineConversationTableViewCell.swift */ = {isa = PBXFileReference; fileEncoding = 4; lastKnownFileType = sourcecode.swift; path = LTOfflineConversationTableViewCell.swift; sourceTree = "<group>"; };
		7EDB52EC1B232414005320B4 /* LTOfflineConversationTableViewController.swift */ = {isa = PBXFileReference; fileEncoding = 4; lastKnownFileType = sourcecode.swift; path = LTOfflineConversationTableViewController.swift; sourceTree = "<group>"; };
		7EDB52EE1B232CAD005320B4 /* LTOfflineConversationCreationViewController.swift */ = {isa = PBXFileReference; fileEncoding = 4; lastKnownFileType = sourcecode.swift; path = LTOfflineConversationCreationViewController.swift; sourceTree = "<group>"; };
/* End PBXFileReference section */

/* Begin PBXFrameworksBuildPhase section */
		55F73AF81A0A6EB800C28B0A /* Frameworks */ = {
			isa = PBXFrameworksBuildPhase;
			buildActionMask = 2147483647;
			files = (
				7EDB52E41B2084D6005320B4 /* libLTMobileSDK.a in Frameworks */,
			);
			runOnlyForDeploymentPostprocessing = 0;
		};
/* End PBXFrameworksBuildPhase section */

/* Begin PBXGroup section */
		553859531A138E510067A33F /* DejalActivityView */ = {
			isa = PBXGroup;
			children = (
				553859541A138E510067A33F /* DejalActivityView.h */,
				553859551A138E510067A33F /* DejalActivityView.m */,
			);
			path = DejalActivityView;
			sourceTree = "<group>";
		};
		55D665751A1276FE001747B0 /* Livetex_SDK */ = {
			isa = PBXGroup;
			children = (
				7EDB52E31B2084D6005320B4 /* libLTMobileSDK.a */,
				7EDB52E51B2084E3005320B4 /* LTSDKModel.h */,
				7EDB52E61B2084E3005320B4 /* LTMobileSDK.h */,
				55D6657F1A127AA5001747B0 /* LTObjcBridging.h */,
			);
			path = Livetex_SDK;
			sourceTree = "<group>";
		};
		55D666091A13655A001747B0 /* resources */ = {
			isa = PBXGroup;
			children = (
				55E17BB81A4972B000F503A1 /* chat_msg_double_checked@2x.png */,
				55DF2E381A14FA9200C4DDD9 /* ava@2x.jpg */,
				55DF2E2E1A14C93700C4DDD9 /* baloon_blue@2x.png */,
				55DF2E2F1A14C93700C4DDD9 /* baloon_gray@2x.png */,
				55DF2E301A14C93700C4DDD9 /* bot_backgroud.png */,
				55DF2E311A14C93700C4DDD9 /* top_background.png */,
				55DF2E321A14C93700C4DDD9 /* Ваш вопрос 2.png */,
				55D6660A1A136616001747B0 /* bad_icon@2x.png */,
				55D6660B1A136616001747B0 /* cancel_btn@2x.png */,
				55D6660C1A136616001747B0 /* complaint_icon@2x.png */,
				55D6660D1A136616001747B0 /* dropdown_arrow@2x.png */,
				55D6660E1A136616001747B0 /* good_icon@2x.png */,
				55D6660F1A136616001747B0 /* navigation_bar_background@2x.png */,
				55D666101A136616001747B0 /* next_arrow@2x.png */,
				55D666111A136616001747B0 /* Rectangle@2x.png */,
				55D666121A136616001747B0 /* send_btn@2x.png */,
			);
			path = resources;
			sourceTree = "<group>";
		};
		55F73AF21A0A6EB800C28B0A = {
			isa = PBXGroup;
			children = (
				55F73AFD1A0A6EB800C28B0A /* LiveTex_SDK_Demo */,
				55F73AFC1A0A6EB800C28B0A /* Products */,
			);
			sourceTree = "<group>";
		};
		55F73AFC1A0A6EB800C28B0A /* Products */ = {
			isa = PBXGroup;
			children = (
				55F73AFB1A0A6EB800C28B0A /* LiveTex_SDK_Demo.app */,
			);
			name = Products;
			sourceTree = "<group>";
		};
		55F73AFD1A0A6EB800C28B0A /* LiveTex_SDK_Demo */ = {
			isa = PBXGroup;
			children = (
				55D666091A13655A001747B0 /* resources */,
				553859531A138E510067A33F /* DejalActivityView */,
				55D665751A1276FE001747B0 /* Livetex_SDK */,
				55D666051A135F2C001747B0 /* LTApiManager.swift */,
				55F73B001A0A6EB800C28B0A /* AppDelegate.swift */,
				55F73B051A0A6EB900C28B0A /* LTAuthorizationViewController.swift */,
				55D666071A1364CC001747B0 /* LTEnvolvingViewController.swift */,
				553859571A13AFCA0067A33F /* LTChatViewController.swift */,
				55DEA8EB1A35D7DC006ED45A /* LTChatMessageTableViewCell.swift */,
				55DEA8F11A35DDF8006ED45A /* LTSystemMessageTableViewCell.swift */,
				55DEA8EC1A35D7DC006ED45A /* LTClaimingViewController.swift */,
				55E17BBA1A4974EB00F503A1 /* LTSWTextMessage.swift */,
				7EDB52E71B23236A005320B4 /* offline */,
				55CC14FB1A3B2A9400C1456C /* Reachability.h */,
				55CC14FC1A3B2A9400C1456C /* Reachability.m */,
				55F73B071A0A6EB900C28B0A /* Main.storyboard */,
				55F73B0A1A0A6EB900C28B0A /* Images.xcassets */,
				55F73B0C1A0A6EB900C28B0A /* LaunchScreen.xib */,
				55F73AFE1A0A6EB800C28B0A /* Supporting Files */,
			);
			path = LiveTex_SDK_Demo;
			sourceTree = "<group>";
		};
		55F73AFE1A0A6EB800C28B0A /* Supporting Files */ = {
			isa = PBXGroup;
			children = (
				55F73AFF1A0A6EB800C28B0A /* Info.plist */,
			);
			name = "Supporting Files";
			sourceTree = "<group>";
		};
		7EDB52E71B23236A005320B4 /* offline */ = {
			isa = PBXGroup;
			children = (
				7EDB52EA1B2323D1005320B4 /* LTOfflineConversationTableViewCell.swift */,
				7EDB52EC1B232414005320B4 /* LTOfflineConversationTableViewController.swift */,
				7EDB52EE1B232CAD005320B4 /* LTOfflineConversationCreationViewController.swift */,
			);
			name = offline;
			sourceTree = "<group>";
		};
/* End PBXGroup section */

/* Begin PBXNativeTarget section */
		55F73AFA1A0A6EB800C28B0A /* LiveTex_SDK_Demo */ = {
			isa = PBXNativeTarget;
			buildConfigurationList = 55F73B1D1A0A6EB900C28B0A /* Build configuration list for PBXNativeTarget "LiveTex_SDK_Demo" */;
			buildPhases = (
				55F73AF71A0A6EB800C28B0A /* Sources */,
				55F73AF81A0A6EB800C28B0A /* Frameworks */,
				55F73AF91A0A6EB800C28B0A /* Resources */,
			);
			buildRules = (
			);
			dependencies = (
			);
			name = LiveTex_SDK_Demo;
			productName = LiveTex_SDK_Demo;
			productReference = 55F73AFB1A0A6EB800C28B0A /* LiveTex_SDK_Demo.app */;
			productType = "com.apple.product-type.application";
		};
/* End PBXNativeTarget section */

/* Begin PBXProject section */
		55F73AF31A0A6EB800C28B0A /* Project object */ = {
			isa = PBXProject;
			attributes = {
				LastUpgradeCheck = 0610;
				ORGANIZATIONNAME = LiveTex;
				TargetAttributes = {
					55F73AFA1A0A6EB800C28B0A = {
						CreatedOnToolsVersion = 6.1;
						DevelopmentTeam = FJE97HEJ7P;
					};
				};
			};
			buildConfigurationList = 55F73AF61A0A6EB800C28B0A /* Build configuration list for PBXProject "LiveTex_SDK_Demo" */;
			compatibilityVersion = "Xcode 3.2";
			developmentRegion = English;
			hasScannedForEncodings = 0;
			knownRegions = (
				en,
				Base,
			);
			mainGroup = 55F73AF21A0A6EB800C28B0A;
			productRefGroup = 55F73AFC1A0A6EB800C28B0A /* Products */;
			projectDirPath = "";
			projectRoot = "";
			targets = (
				55F73AFA1A0A6EB800C28B0A /* LiveTex_SDK_Demo */,
			);
		};
/* End PBXProject section */

/* Begin PBXResourcesBuildPhase section */
		55F73AF91A0A6EB800C28B0A /* Resources */ = {
			isa = PBXResourcesBuildPhase;
			buildActionMask = 2147483647;
			files = (
				55D6661A1A136616001747B0 /* Rectangle@2x.png in Resources */,
				55D666181A136616001747B0 /* navigation_bar_background@2x.png in Resources */,
				55D666151A136616001747B0 /* complaint_icon@2x.png in Resources */,
				55DF2E331A14C93700C4DDD9 /* baloon_blue@2x.png in Resources */,
				55F73B091A0A6EB900C28B0A /* Main.storyboard in Resources */,
				55DF2E351A14C93700C4DDD9 /* bot_backgroud.png in Resources */,
				55D666171A136616001747B0 /* good_icon@2x.png in Resources */,
				55D6661B1A136616001747B0 /* send_btn@2x.png in Resources */,
				55D666141A136616001747B0 /* cancel_btn@2x.png in Resources */,
				55DF2E391A14FA9200C4DDD9 /* ava@2x.jpg in Resources */,
				55E17BB91A4972B000F503A1 /* chat_msg_double_checked@2x.png in Resources */,
				55D666191A136616001747B0 /* next_arrow@2x.png in Resources */,
				55F73B0E1A0A6EB900C28B0A /* LaunchScreen.xib in Resources */,
				55DF2E341A14C93700C4DDD9 /* baloon_gray@2x.png in Resources */,
				55DF2E371A14C93700C4DDD9 /* Ваш вопрос 2.png in Resources */,
				55D666161A136616001747B0 /* dropdown_arrow@2x.png in Resources */,
				55F73B0B1A0A6EB900C28B0A /* Images.xcassets in Resources */,
				55D666131A136616001747B0 /* bad_icon@2x.png in Resources */,
				55DF2E361A14C93700C4DDD9 /* top_background.png in Resources */,
			);
			runOnlyForDeploymentPostprocessing = 0;
		};
/* End PBXResourcesBuildPhase section */

/* Begin PBXSourcesBuildPhase section */
		55F73AF71A0A6EB800C28B0A /* Sources */ = {
			isa = PBXSourcesBuildPhase;
			buildActionMask = 2147483647;
			files = (
				55D666081A1364CC001747B0 /* LTEnvolvingViewController.swift in Sources */,
				553859581A13AFCA0067A33F /* LTChatViewController.swift in Sources */,
				55DEA8EE1A35D7DC006ED45A /* LTChatMessageTableViewCell.swift in Sources */,
				553859561A138E510067A33F /* DejalActivityView.m in Sources */,
				55CC14FD1A3B2A9400C1456C /* Reachability.m in Sources */,
				55DEA8EF1A35D7DC006ED45A /* LTClaimingViewController.swift in Sources */,
				55F73B061A0A6EB900C28B0A /* LTAuthorizationViewController.swift in Sources */,
				55F73B011A0A6EB800C28B0A /* AppDelegate.swift in Sources */,
				7EDB52ED1B232414005320B4 /* LTOfflineConversationTableViewController.swift in Sources */,
				55DEA8F21A35DDF8006ED45A /* LTSystemMessageTableViewCell.swift in Sources */,
				7EDB52EB1B2323D1005320B4 /* LTOfflineConversationTableViewCell.swift in Sources */,
				55D666061A135F2C001747B0 /* LTApiManager.swift in Sources */,
				7EDB52EF1B232CAD005320B4 /* LTOfflineConversationCreationViewController.swift in Sources */,
				55E17BBB1A4974EB00F503A1 /* LTSWTextMessage.swift in Sources */,
			);
			runOnlyForDeploymentPostprocessing = 0;
		};
/* End PBXSourcesBuildPhase section */

/* Begin PBXVariantGroup section */
		55F73B071A0A6EB900C28B0A /* Main.storyboard */ = {
			isa = PBXVariantGroup;
			children = (
				55F73B081A0A6EB900C28B0A /* Base */,
			);
			name = Main.storyboard;
			sourceTree = "<group>";
		};
		55F73B0C1A0A6EB900C28B0A /* LaunchScreen.xib */ = {
			isa = PBXVariantGroup;
			children = (
				55F73B0D1A0A6EB900C28B0A /* Base */,
			);
			name = LaunchScreen.xib;
			sourceTree = "<group>";
		};
/* End PBXVariantGroup section */

/* Begin XCBuildConfiguration section */
		55F73B1B1A0A6EB900C28B0A /* Debug */ = {
			isa = XCBuildConfiguration;
			buildSettings = {
				ALWAYS_SEARCH_USER_PATHS = NO;
				CLANG_CXX_LANGUAGE_STANDARD = "gnu++0x";
				CLANG_CXX_LIBRARY = "libc++";
				CLANG_ENABLE_MODULES = YES;
				CLANG_ENABLE_OBJC_ARC = YES;
				CLANG_WARN_BOOL_CONVERSION = YES;
				CLANG_WARN_CONSTANT_CONVERSION = YES;
				CLANG_WARN_DIRECT_OBJC_ISA_USAGE = YES_ERROR;
				CLANG_WARN_EMPTY_BODY = YES;
				CLANG_WARN_ENUM_CONVERSION = YES;
				CLANG_WARN_INT_CONVERSION = YES;
				CLANG_WARN_OBJC_ROOT_CLASS = YES_ERROR;
				CLANG_WARN_UNREACHABLE_CODE = YES;
				CLANG_WARN__DUPLICATE_METHOD_MATCH = YES;
				"CODE_SIGN_IDENTITY[sdk=iphoneos*]" = "iPhone Developer";
				COPY_PHASE_STRIP = NO;
				ENABLE_STRICT_OBJC_MSGSEND = YES;
				GCC_C_LANGUAGE_STANDARD = gnu99;
				GCC_DYNAMIC_NO_PIC = NO;
				GCC_OPTIMIZATION_LEVEL = 0;
				GCC_PREPROCESSOR_DEFINITIONS = (
					"DEBUG=1",
					"$(inherited)",
				);
				GCC_SYMBOLS_PRIVATE_EXTERN = NO;
				GCC_WARN_64_TO_32_BIT_CONVERSION = YES;
				GCC_WARN_ABOUT_RETURN_TYPE = YES_ERROR;
				GCC_WARN_UNDECLARED_SELECTOR = YES;
				GCC_WARN_UNINITIALIZED_AUTOS = YES_AGGRESSIVE;
				GCC_WARN_UNUSED_FUNCTION = YES;
				GCC_WARN_UNUSED_VARIABLE = YES;
				IPHONEOS_DEPLOYMENT_TARGET = 8.1;
				MTL_ENABLE_DEBUG_INFO = YES;
				ONLY_ACTIVE_ARCH = YES;
				SDKROOT = iphoneos;
				SWIFT_OPTIMIZATION_LEVEL = "-Onone";
			};
			name = Debug;
		};
		55F73B1C1A0A6EB900C28B0A /* Release */ = {
			isa = XCBuildConfiguration;
			buildSettings = {
				ALWAYS_SEARCH_USER_PATHS = NO;
				CLANG_CXX_LANGUAGE_STANDARD = "gnu++0x";
				CLANG_CXX_LIBRARY = "libc++";
				CLANG_ENABLE_MODULES = YES;
				CLANG_ENABLE_OBJC_ARC = YES;
				CLANG_WARN_BOOL_CONVERSION = YES;
				CLANG_WARN_CONSTANT_CONVERSION = YES;
				CLANG_WARN_DIRECT_OBJC_ISA_USAGE = YES_ERROR;
				CLANG_WARN_EMPTY_BODY = YES;
				CLANG_WARN_ENUM_CONVERSION = YES;
				CLANG_WARN_INT_CONVERSION = YES;
				CLANG_WARN_OBJC_ROOT_CLASS = YES_ERROR;
				CLANG_WARN_UNREACHABLE_CODE = YES;
				CLANG_WARN__DUPLICATE_METHOD_MATCH = YES;
				"CODE_SIGN_IDENTITY[sdk=iphoneos*]" = "iPhone Developer";
				COPY_PHASE_STRIP = YES;
				ENABLE_NS_ASSERTIONS = NO;
				ENABLE_STRICT_OBJC_MSGSEND = YES;
				GCC_C_LANGUAGE_STANDARD = gnu99;
				GCC_WARN_64_TO_32_BIT_CONVERSION = YES;
				GCC_WARN_ABOUT_RETURN_TYPE = YES_ERROR;
				GCC_WARN_UNDECLARED_SELECTOR = YES;
				GCC_WARN_UNINITIALIZED_AUTOS = YES_AGGRESSIVE;
				GCC_WARN_UNUSED_FUNCTION = YES;
				GCC_WARN_UNUSED_VARIABLE = YES;
				IPHONEOS_DEPLOYMENT_TARGET = 8.1;
				MTL_ENABLE_DEBUG_INFO = NO;
				SDKROOT = iphoneos;
				VALIDATE_PRODUCT = YES;
			};
			name = Release;
		};
		55F73B1E1A0A6EB900C28B0A /* Debug */ = {
			isa = XCBuildConfiguration;
			buildSettings = {
				ASSETCATALOG_COMPILER_APPICON_NAME = AppIcon;
				ASSETCATALOG_COMPILER_LAUNCHIMAGE_NAME = "LaunchImage-2";
				CODE_SIGN_IDENTITY = "iPhone Developer: Sergey Devyatkin (D65WZCS3NG)";
				"CODE_SIGN_IDENTITY[sdk=iphoneos*]" = "iPhone Developer: Sergey Devyatkin (D65WZCS3NG)";
				FRAMEWORK_SEARCH_PATHS = (
					"$(inherited)",
					"$(PROJECT_DIR)/HockeySDK-iOS/HockeySDK.embeddedframework",
				);
				INFOPLIST_FILE = LiveTex_SDK_Demo/Info.plist;
				IPHONEOS_DEPLOYMENT_TARGET = 7.1;
				LD_RUNPATH_SEARCH_PATHS = "$(inherited) @executable_path/Frameworks";
				LIBRARY_SEARCH_PATHS = (
					"$(inherited)",
					"$(PROJECT_DIR)/LiveTex_SDK_Demo/Livetex_SDK",
					"$(USER_LIBRARY_DIR)/Developer/Xcode/DerivedData/LTMobileSDK-gobsmgafmedlnthgewbmoplmtqum/Build/Products/Debug-iphoneos",
				);
				PRODUCT_NAME = "$(TARGET_NAME)";
				PROVISIONING_PROFILE = "37a4dc9e-3cde-416e-82d9-5f8f90e82bf6";
				SWIFT_OBJC_BRIDGING_HEADER = LiveTex_SDK_Demo/Livetex_SDK/LTObjcBridging.h;
				"SWIFT_OBJC_BRIDGING_HEADER[arch=*]" = LiveTex_SDK_Demo/Livetex_SDK/LTObjcBridging.h;
			};
			name = Debug;
		};
		55F73B1F1A0A6EB900C28B0A /* Release */ = {
			isa = XCBuildConfiguration;
			buildSettings = {
				ASSETCATALOG_COMPILER_APPICON_NAME = AppIcon;
				ASSETCATALOG_COMPILER_LAUNCHIMAGE_NAME = "LaunchImage-2";
				CODE_SIGN_IDENTITY = "iPhone Developer: Sergey Devyatkin (D65WZCS3NG)";
				"CODE_SIGN_IDENTITY[sdk=iphoneos*]" = "iPhone Developer: Sergey Devyatkin (D65WZCS3NG)";
				FRAMEWORK_SEARCH_PATHS = (
					"$(inherited)",
					"$(PROJECT_DIR)/HockeySDK-iOS/HockeySDK.embeddedframework",
				);
				INFOPLIST_FILE = LiveTex_SDK_Demo/Info.plist;
				IPHONEOS_DEPLOYMENT_TARGET = 7.1;
				LD_RUNPATH_SEARCH_PATHS = "$(inherited) @executable_path/Frameworks";
				LIBRARY_SEARCH_PATHS = (
					"$(inherited)",
					"$(PROJECT_DIR)/LiveTex_SDK_Demo/Livetex_SDK",
					"$(USER_LIBRARY_DIR)/Developer/Xcode/DerivedData/LTMobileSDK-gobsmgafmedlnthgewbmoplmtqum/Build/Products/Debug-iphoneos",
				);
				PRODUCT_NAME = "$(TARGET_NAME)";
				PROVISIONING_PROFILE = "37a4dc9e-3cde-416e-82d9-5f8f90e82bf6";
				SWIFT_OBJC_BRIDGING_HEADER = LiveTex_SDK_Demo/Livetex_SDK/LTObjcBridging.h;
			};
			name = Release;
		};
/* End XCBuildConfiguration section */

/* Begin XCConfigurationList section */
		55F73AF61A0A6EB800C28B0A /* Build configuration list for PBXProject "LiveTex_SDK_Demo" */ = {
			isa = XCConfigurationList;
			buildConfigurations = (
				55F73B1B1A0A6EB900C28B0A /* Debug */,
				55F73B1C1A0A6EB900C28B0A /* Release */,
			);
			defaultConfigurationIsVisible = 0;
			defaultConfigurationName = Release;
		};
		55F73B1D1A0A6EB900C28B0A /* Build configuration list for PBXNativeTarget "LiveTex_SDK_Demo" */ = {
			isa = XCConfigurationList;
			buildConfigurations = (
				55F73B1E1A0A6EB900C28B0A /* Debug */,
				55F73B1F1A0A6EB900C28B0A /* Release */,
			);
			defaultConfigurationIsVisible = 0;
			defaultConfigurationName = Release;
		};
/* End XCConfigurationList section */
	};
	rootObject = 55F73AF31A0A6EB800C28B0A /* Project object */;
}
