// !$*UTF8*$!
{
	archiveVersion = 1;
	classes = {
	};
	objectVersion = 46;
	objects = {

/* Begin PBXBuildFile section */
		553859561A138E510067A33F /* DejalActivityView.m in Sources */ = {isa = PBXBuildFile; fileRef = 553859551A138E510067A33F /* DejalActivityView.m */; };
		553859581A13AFCA0067A33F /* LTChatViewController.swift in Sources */ = {isa = PBXBuildFile; fileRef = 553859571A13AFCA0067A33F /* LTChatViewController.swift */; };
		55CC14FD1A3B2A9400C1456C /* Reachability.m in Sources */ = {isa = PBXBuildFile; fileRef = 55CC14FC1A3B2A9400C1456C /* Reachability.m */; };
		55D666061A135F2C001747B0 /* LTApiManager.swift in Sources */ = {isa = PBXBuildFile; fileRef = 55D666051A135F2C001747B0 /* LTApiManager.swift */; };
		55D666081A1364CC001747B0 /* LTEnvolvingViewController.swift in Sources */ = {isa = PBXBuildFile; fileRef = 55D666071A1364CC001747B0 /* LTEnvolvingViewController.swift */; };
		55DEA8EE1A35D7DC006ED45A /* LTChatMessageTableViewCell.swift in Sources */ = {isa = PBXBuildFile; fileRef = 55DEA8EB1A35D7DC006ED45A /* LTChatMessageTableViewCell.swift */; };
		55DEA8EF1A35D7DC006ED45A /* LTClaimingViewController.swift in Sources */ = {isa = PBXBuildFile; fileRef = 55DEA8EC1A35D7DC006ED45A /* LTClaimingViewController.swift */; };
		55DEA8F21A35DDF8006ED45A /* LTSystemMessageTableViewCell.swift in Sources */ = {isa = PBXBuildFile; fileRef = 55DEA8F11A35DDF8006ED45A /* LTSystemMessageTableViewCell.swift */; };
		55E17BBB1A4974EB00F503A1 /* LTSWTextMessage.swift in Sources */ = {isa = PBXBuildFile; fileRef = 55E17BBA1A4974EB00F503A1 /* LTSWTextMessage.swift */; };
		55F73B011A0A6EB800C28B0A /* AppDelegate.swift in Sources */ = {isa = PBXBuildFile; fileRef = 55F73B001A0A6EB800C28B0A /* AppDelegate.swift */; };
		55F73B061A0A6EB900C28B0A /* LTAuthorizationViewController.swift in Sources */ = {isa = PBXBuildFile; fileRef = 55F73B051A0A6EB900C28B0A /* LTAuthorizationViewController.swift */; };
		55F73B0B1A0A6EB900C28B0A /* Images.xcassets in Resources */ = {isa = PBXBuildFile; fileRef = 55F73B0A1A0A6EB900C28B0A /* Images.xcassets */; };
		55F73B0E1A0A6EB900C28B0A /* LaunchScreen.xib in Resources */ = {isa = PBXBuildFile; fileRef = 55F73B0C1A0A6EB900C28B0A /* LaunchScreen.xib */; };
		7E023E101B4C391D003E3079 /* LTOfflineChatMessageTableViewCell.swift in Sources */ = {isa = PBXBuildFile; fileRef = 7E023E0F1B4C391D003E3079 /* LTOfflineChatMessageTableViewCell.swift */; };
		7E3F56F71BAC48ED00DAA04D /* Main.storyboard in Resources */ = {isa = PBXBuildFile; fileRef = 7E3F56F61BAC48ED00DAA04D /* Main.storyboard */; };
		7E4BF9DA1B26FF5700FF5C80 /* AppIcon29x29.png in Resources */ = {isa = PBXBuildFile; fileRef = 7E4BF9CF1B26FF5700FF5C80 /* AppIcon29x29.png */; };
		7E4BF9DB1B26FF5700FF5C80 /* AppIcon29x29@2x.png in Resources */ = {isa = PBXBuildFile; fileRef = 7E4BF9D01B26FF5700FF5C80 /* AppIcon29x29@2x.png */; };
		7E4BF9DC1B26FF5700FF5C80 /* AppIcon40x40.png in Resources */ = {isa = PBXBuildFile; fileRef = 7E4BF9D11B26FF5700FF5C80 /* AppIcon40x40.png */; };
		7E4BF9DD1B26FF5700FF5C80 /* AppIcon40x40@2x.png in Resources */ = {isa = PBXBuildFile; fileRef = 7E4BF9D21B26FF5700FF5C80 /* AppIcon40x40@2x.png */; };
		7E4BF9DE1B26FF5700FF5C80 /* AppIcon60x60.png in Resources */ = {isa = PBXBuildFile; fileRef = 7E4BF9D31B26FF5700FF5C80 /* AppIcon60x60.png */; };
		7E4BF9DF1B26FF5700FF5C80 /* AppIcon60x60@2x.png in Resources */ = {isa = PBXBuildFile; fileRef = 7E4BF9D41B26FF5700FF5C80 /* AppIcon60x60@2x.png */; };
		7E4BF9E01B26FF5700FF5C80 /* AppIcon60x60@3x.png in Resources */ = {isa = PBXBuildFile; fileRef = 7E4BF9D51B26FF5700FF5C80 /* AppIcon60x60@3x.png */; };
		7E4BF9E11B26FF5700FF5C80 /* AppIcon76x76.png in Resources */ = {isa = PBXBuildFile; fileRef = 7E4BF9D61B26FF5700FF5C80 /* AppIcon76x76.png */; };
		7E4BF9E21B26FF5700FF5C80 /* AppIcon76x76@2x.png in Resources */ = {isa = PBXBuildFile; fileRef = 7E4BF9D71B26FF5700FF5C80 /* AppIcon76x76@2x.png */; };
		7E4BF9E31B26FF5700FF5C80 /* iTunesArtwork.png in Resources */ = {isa = PBXBuildFile; fileRef = 7E4BF9D81B26FF5700FF5C80 /* iTunesArtwork.png */; };
		7E4BF9E41B26FF5700FF5C80 /* iTunesArtwork@2x.png in Resources */ = {isa = PBXBuildFile; fileRef = 7E4BF9D91B26FF5700FF5C80 /* iTunesArtwork@2x.png */; };
		7EDB52EB1B2323D1005320B4 /* LTOfflineConversationTableViewCell.swift in Sources */ = {isa = PBXBuildFile; fileRef = 7EDB52EA1B2323D1005320B4 /* LTOfflineConversationTableViewCell.swift */; };
		7EDB52ED1B232414005320B4 /* LTOfflineConversationTableViewController.swift in Sources */ = {isa = PBXBuildFile; fileRef = 7EDB52EC1B232414005320B4 /* LTOfflineConversationTableViewController.swift */; };
		7EDB52EF1B232CAD005320B4 /* LTOfflineConversationCreationViewController.swift in Sources */ = {isa = PBXBuildFile; fileRef = 7EDB52EE1B232CAD005320B4 /* LTOfflineConversationCreationViewController.swift */; };
		7EDB52F11B25F673005320B4 /* LTOfflineChatViewController.swift in Sources */ = {isa = PBXBuildFile; fileRef = 7EDB52F01B25F673005320B4 /* LTOfflineChatViewController.swift */; };
		7EED15261BBD29CC00CEBB11 /* CommonUtils.swift in Sources */ = {isa = PBXBuildFile; fileRef = 7EED15251BBD29CC00CEBB11 /* CommonUtils.swift */; };
		D135F7E81C2C3134009ECC59 /* libLTMobileSDK.a in Frameworks */ = {isa = PBXBuildFile; fileRef = D135F7E41C2C3134009ECC59 /* libLTMobileSDK.a */; };
		D1C956361C2459C100535684 /* Settings.bundle in Resources */ = {isa = PBXBuildFile; fileRef = D1C956351C2459C100535684 /* Settings.bundle */; };
/* End PBXBuildFile section */

/* Begin PBXFileReference section */
		553859541A138E510067A33F /* DejalActivityView.h */ = {isa = PBXFileReference; fileEncoding = 4; lastKnownFileType = sourcecode.c.h; path = DejalActivityView.h; sourceTree = "<group>"; };
		553859551A138E510067A33F /* DejalActivityView.m */ = {isa = PBXFileReference; fileEncoding = 4; lastKnownFileType = sourcecode.c.objc; path = DejalActivityView.m; sourceTree = "<group>"; };
		553859571A13AFCA0067A33F /* LTChatViewController.swift */ = {isa = PBXFileReference; fileEncoding = 4; lastKnownFileType = sourcecode.swift; path = LTChatViewController.swift; sourceTree = "<group>"; };
		55CC14FB1A3B2A9400C1456C /* Reachability.h */ = {isa = PBXFileReference; fileEncoding = 4; lastKnownFileType = sourcecode.c.h; path = Reachability.h; sourceTree = "<group>"; };
		55CC14FC1A3B2A9400C1456C /* Reachability.m */ = {isa = PBXFileReference; fileEncoding = 4; lastKnownFileType = sourcecode.c.objc; path = Reachability.m; sourceTree = "<group>"; };
		55D666051A135F2C001747B0 /* LTApiManager.swift */ = {isa = PBXFileReference; fileEncoding = 4; lastKnownFileType = sourcecode.swift; path = LTApiManager.swift; sourceTree = "<group>"; };
		55D666071A1364CC001747B0 /* LTEnvolvingViewController.swift */ = {isa = PBXFileReference; fileEncoding = 4; lastKnownFileType = sourcecode.swift; path = LTEnvolvingViewController.swift; sourceTree = "<group>"; };
		55DEA8EB1A35D7DC006ED45A /* LTChatMessageTableViewCell.swift */ = {isa = PBXFileReference; fileEncoding = 4; lastKnownFileType = sourcecode.swift; path = LTChatMessageTableViewCell.swift; sourceTree = "<group>"; };
		55DEA8EC1A35D7DC006ED45A /* LTClaimingViewController.swift */ = {isa = PBXFileReference; fileEncoding = 4; lastKnownFileType = sourcecode.swift; path = LTClaimingViewController.swift; sourceTree = "<group>"; };
		55DEA8F11A35DDF8006ED45A /* LTSystemMessageTableViewCell.swift */ = {isa = PBXFileReference; fileEncoding = 4; lastKnownFileType = sourcecode.swift; path = LTSystemMessageTableViewCell.swift; sourceTree = "<group>"; };
		55E17BBA1A4974EB00F503A1 /* LTSWTextMessage.swift */ = {isa = PBXFileReference; fileEncoding = 4; lastKnownFileType = sourcecode.swift; path = LTSWTextMessage.swift; sourceTree = "<group>"; };
		55F73AFB1A0A6EB800C28B0A /* LiveTex SDK.app */ = {isa = PBXFileReference; explicitFileType = wrapper.application; includeInIndex = 0; path = "LiveTex SDK.app"; sourceTree = BUILT_PRODUCTS_DIR; };
		55F73AFF1A0A6EB800C28B0A /* Info.plist */ = {isa = PBXFileReference; lastKnownFileType = text.plist.xml; path = Info.plist; sourceTree = "<group>"; };
		55F73B001A0A6EB800C28B0A /* AppDelegate.swift */ = {isa = PBXFileReference; lastKnownFileType = sourcecode.swift; lineEnding = 0; path = AppDelegate.swift; sourceTree = "<group>"; };
		55F73B051A0A6EB900C28B0A /* LTAuthorizationViewController.swift */ = {isa = PBXFileReference; lastKnownFileType = sourcecode.swift; path = LTAuthorizationViewController.swift; sourceTree = "<group>"; };
		55F73B0A1A0A6EB900C28B0A /* Images.xcassets */ = {isa = PBXFileReference; lastKnownFileType = folder.assetcatalog; path = Images.xcassets; sourceTree = "<group>"; };
		55F73B0D1A0A6EB900C28B0A /* Base */ = {isa = PBXFileReference; lastKnownFileType = file.xib; name = Base; path = Base.lproj/LaunchScreen.xib; sourceTree = "<group>"; };
		7E023E0F1B4C391D003E3079 /* LTOfflineChatMessageTableViewCell.swift */ = {isa = PBXFileReference; fileEncoding = 4; lastKnownFileType = sourcecode.swift; path = LTOfflineChatMessageTableViewCell.swift; sourceTree = "<group>"; };
		7E3F56F61BAC48ED00DAA04D /* Main.storyboard */ = {isa = PBXFileReference; fileEncoding = 4; lastKnownFileType = file.storyboard; path = Main.storyboard; sourceTree = "<group>"; };
		7E4BF9CF1B26FF5700FF5C80 /* AppIcon29x29.png */ = {isa = PBXFileReference; lastKnownFileType = image.png; path = AppIcon29x29.png; sourceTree = "<group>"; };
		7E4BF9D01B26FF5700FF5C80 /* AppIcon29x29@2x.png */ = {isa = PBXFileReference; lastKnownFileType = image.png; path = "AppIcon29x29@2x.png"; sourceTree = "<group>"; };
		7E4BF9D11B26FF5700FF5C80 /* AppIcon40x40.png */ = {isa = PBXFileReference; lastKnownFileType = image.png; path = AppIcon40x40.png; sourceTree = "<group>"; };
		7E4BF9D21B26FF5700FF5C80 /* AppIcon40x40@2x.png */ = {isa = PBXFileReference; lastKnownFileType = image.png; path = "AppIcon40x40@2x.png"; sourceTree = "<group>"; };
		7E4BF9D31B26FF5700FF5C80 /* AppIcon60x60.png */ = {isa = PBXFileReference; lastKnownFileType = image.png; path = AppIcon60x60.png; sourceTree = "<group>"; };
		7E4BF9D41B26FF5700FF5C80 /* AppIcon60x60@2x.png */ = {isa = PBXFileReference; lastKnownFileType = image.png; path = "AppIcon60x60@2x.png"; sourceTree = "<group>"; };
		7E4BF9D51B26FF5700FF5C80 /* AppIcon60x60@3x.png */ = {isa = PBXFileReference; lastKnownFileType = image.png; path = "AppIcon60x60@3x.png"; sourceTree = "<group>"; };
		7E4BF9D61B26FF5700FF5C80 /* AppIcon76x76.png */ = {isa = PBXFileReference; lastKnownFileType = image.png; path = AppIcon76x76.png; sourceTree = "<group>"; };
		7E4BF9D71B26FF5700FF5C80 /* AppIcon76x76@2x.png */ = {isa = PBXFileReference; lastKnownFileType = image.png; path = "AppIcon76x76@2x.png"; sourceTree = "<group>"; };
		7E4BF9D81B26FF5700FF5C80 /* iTunesArtwork.png */ = {isa = PBXFileReference; lastKnownFileType = image.png; path = iTunesArtwork.png; sourceTree = "<group>"; };
		7E4BF9D91B26FF5700FF5C80 /* iTunesArtwork@2x.png */ = {isa = PBXFileReference; lastKnownFileType = image.png; path = "iTunesArtwork@2x.png"; sourceTree = "<group>"; };
		7E4BF9E61B27023C00FF5C80 /* ru */ = {isa = PBXFileReference; lastKnownFileType = text.plist.strings; name = ru; path = ru.lproj/LaunchScreen.strings; sourceTree = "<group>"; };
		7EDB52EA1B2323D1005320B4 /* LTOfflineConversationTableViewCell.swift */ = {isa = PBXFileReference; fileEncoding = 4; lastKnownFileType = sourcecode.swift; path = LTOfflineConversationTableViewCell.swift; sourceTree = "<group>"; };
		7EDB52EC1B232414005320B4 /* LTOfflineConversationTableViewController.swift */ = {isa = PBXFileReference; fileEncoding = 4; lastKnownFileType = sourcecode.swift; path = LTOfflineConversationTableViewController.swift; sourceTree = "<group>"; };
		7EDB52EE1B232CAD005320B4 /* LTOfflineConversationCreationViewController.swift */ = {isa = PBXFileReference; fileEncoding = 4; lastKnownFileType = sourcecode.swift; path = LTOfflineConversationCreationViewController.swift; sourceTree = "<group>"; };
		7EDB52F01B25F673005320B4 /* LTOfflineChatViewController.swift */ = {isa = PBXFileReference; fileEncoding = 4; lastKnownFileType = sourcecode.swift; path = LTOfflineChatViewController.swift; sourceTree = "<group>"; };
		7EED15251BBD29CC00CEBB11 /* CommonUtils.swift */ = {isa = PBXFileReference; fileEncoding = 4; lastKnownFileType = sourcecode.swift; path = CommonUtils.swift; sourceTree = "<group>"; };
		D135F7E41C2C3134009ECC59 /* libLTMobileSDK.a */ = {isa = PBXFileReference; lastKnownFileType = archive.ar; path = libLTMobileSDK.a; sourceTree = "<group>"; };
		D135F7E51C2C3134009ECC59 /* LTMobileSDK.h */ = {isa = PBXFileReference; fileEncoding = 4; lastKnownFileType = sourcecode.c.h; path = LTMobileSDK.h; sourceTree = "<group>"; };
		D135F7E61C2C3134009ECC59 /* LTObjcBridging.h */ = {isa = PBXFileReference; fileEncoding = 4; lastKnownFileType = sourcecode.c.h; path = LTObjcBridging.h; sourceTree = "<group>"; };
		D135F7E71C2C3134009ECC59 /* LTSDKModel.h */ = {isa = PBXFileReference; fileEncoding = 4; lastKnownFileType = sourcecode.c.h; path = LTSDKModel.h; sourceTree = "<group>"; };
		D1C956351C2459C100535684 /* Settings.bundle */ = {isa = PBXFileReference; lastKnownFileType = "wrapper.plug-in"; path = Settings.bundle; sourceTree = "<group>"; };
/* End PBXFileReference section */

/* Begin PBXFrameworksBuildPhase section */
		55F73AF81A0A6EB800C28B0A /* Frameworks */ = {
			isa = PBXFrameworksBuildPhase;
			buildActionMask = 2147483647;
			files = (
				D135F7E81C2C3134009ECC59 /* libLTMobileSDK.a in Frameworks */,
			);
			runOnlyForDeploymentPostprocessing = 0;
		};
/* End PBXFrameworksBuildPhase section */

/* Begin PBXGroup section */
		553859531A138E510067A33F /* DejalActivityView */ = {
			isa = PBXGroup;
			children = (
				553859541A138E510067A33F /* DejalActivityView.h */,
				553859551A138E510067A33F /* DejalActivityView.m */,
			);
			path = DejalActivityView;
			sourceTree = "<group>";
		};
		55D666091A13655A001747B0 /* resources */ = {
			isa = PBXGroup;
			children = (
				7E4BF9CE1B26FF5700FF5C80 /* imagesSDK */,
			);
			path = resources;
			sourceTree = "<group>";
		};
		55F73AF21A0A6EB800C28B0A = {
			isa = PBXGroup;
			children = (
				55F73AFD1A0A6EB800C28B0A /* LiveTex_SDK_Mobile */,
				55F73AFC1A0A6EB800C28B0A /* Products */,
			);
			sourceTree = "<group>";
		};
		55F73AFC1A0A6EB800C28B0A /* Products */ = {
			isa = PBXGroup;
			children = (
				55F73AFB1A0A6EB800C28B0A /* LiveTex SDK.app */,
			);
			name = Products;
			sourceTree = "<group>";
		};
		55F73AFD1A0A6EB800C28B0A /* LiveTex_SDK_Mobile */ = {
			isa = PBXGroup;
			children = (
				D135F7E31C2C3134009ECC59 /* LTMobileSDK */,
				55D666091A13655A001747B0 /* resources */,
				7E023E0D1B4C2064003E3079 /* thirdParty */,
				7E023E0E1B4C208C003E3079 /* source */,
				55F73B0A1A0A6EB900C28B0A /* Images.xcassets */,
				55F73B0C1A0A6EB900C28B0A /* LaunchScreen.xib */,
				55F73AFE1A0A6EB800C28B0A /* Supporting Files */,
				7E3F56F61BAC48ED00DAA04D /* Main.storyboard */,
				D1C956351C2459C100535684 /* Settings.bundle */,
			);
			name = LiveTex_SDK_Mobile;
			path = LiveTex_SDK_Demo;
			sourceTree = "<group>";
		};
		55F73AFE1A0A6EB800C28B0A /* Supporting Files */ = {
			isa = PBXGroup;
			children = (
				55F73AFF1A0A6EB800C28B0A /* Info.plist */,
			);
			name = "Supporting Files";
			sourceTree = "<group>";
		};
		7E023E0B1B4C203D003E3079 /* onlineChanel */ = {
			isa = PBXGroup;
			children = (
				55D666071A1364CC001747B0 /* LTEnvolvingViewController.swift */,
				553859571A13AFCA0067A33F /* LTChatViewController.swift */,
				55DEA8EB1A35D7DC006ED45A /* LTChatMessageTableViewCell.swift */,
				55DEA8F11A35DDF8006ED45A /* LTSystemMessageTableViewCell.swift */,
				55DEA8EC1A35D7DC006ED45A /* LTClaimingViewController.swift */,
				55E17BBA1A4974EB00F503A1 /* LTSWTextMessage.swift */,
			);
			name = onlineChanel;
			sourceTree = "<group>";
		};
		7E023E0C1B4C2055003E3079 /* common */ = {
			isa = PBXGroup;
			children = (
				55D666051A135F2C001747B0 /* LTApiManager.swift */,
				55F73B001A0A6EB800C28B0A /* AppDelegate.swift */,
				55F73B051A0A6EB900C28B0A /* LTAuthorizationViewController.swift */,
				7EED15251BBD29CC00CEBB11 /* CommonUtils.swift */,
			);
			name = common;
			sourceTree = "<group>";
		};
		7E023E0D1B4C2064003E3079 /* thirdParty */ = {
			isa = PBXGroup;
			children = (
				553859531A138E510067A33F /* DejalActivityView */,
				55CC14FB1A3B2A9400C1456C /* Reachability.h */,
				55CC14FC1A3B2A9400C1456C /* Reachability.m */,
			);
			name = thirdParty;
			sourceTree = "<group>";
		};
		7E023E0E1B4C208C003E3079 /* source */ = {
			isa = PBXGroup;
			children = (
				7E023E0C1B4C2055003E3079 /* common */,
				7E023E0B1B4C203D003E3079 /* onlineChanel */,
				7EDB52E71B23236A005320B4 /* offlineChanel */,
			);
			name = source;
			sourceTree = "<group>";
		};
		7E4BF9CE1B26FF5700FF5C80 /* imagesSDK */ = {
			isa = PBXGroup;
			children = (
				7E4BF9CF1B26FF5700FF5C80 /* AppIcon29x29.png */,
				7E4BF9D01B26FF5700FF5C80 /* AppIcon29x29@2x.png */,
				7E4BF9D11B26FF5700FF5C80 /* AppIcon40x40.png */,
				7E4BF9D21B26FF5700FF5C80 /* AppIcon40x40@2x.png */,
				7E4BF9D31B26FF5700FF5C80 /* AppIcon60x60.png */,
				7E4BF9D41B26FF5700FF5C80 /* AppIcon60x60@2x.png */,
				7E4BF9D51B26FF5700FF5C80 /* AppIcon60x60@3x.png */,
				7E4BF9D61B26FF5700FF5C80 /* AppIcon76x76.png */,
				7E4BF9D71B26FF5700FF5C80 /* AppIcon76x76@2x.png */,
				7E4BF9D81B26FF5700FF5C80 /* iTunesArtwork.png */,
				7E4BF9D91B26FF5700FF5C80 /* iTunesArtwork@2x.png */,
			);
			path = imagesSDK;
			sourceTree = "<group>";
		};
		7EDB52E71B23236A005320B4 /* offlineChanel */ = {
			isa = PBXGroup;
			children = (
				7E023E0F1B4C391D003E3079 /* LTOfflineChatMessageTableViewCell.swift */,
				7EDB52F01B25F673005320B4 /* LTOfflineChatViewController.swift */,
				7EDB52EA1B2323D1005320B4 /* LTOfflineConversationTableViewCell.swift */,
				7EDB52EC1B232414005320B4 /* LTOfflineConversationTableViewController.swift */,
				7EDB52EE1B232CAD005320B4 /* LTOfflineConversationCreationViewController.swift */,
			);
			name = offlineChanel;
			sourceTree = "<group>";
		};
		D135F7E31C2C3134009ECC59 /* LTMobileSDK */ = {
			isa = PBXGroup;
			children = (
				D135F7E41C2C3134009ECC59 /* libLTMobileSDK.a */,
				D135F7E51C2C3134009ECC59 /* LTMobileSDK.h */,
				D135F7E61C2C3134009ECC59 /* LTObjcBridging.h */,
				D135F7E71C2C3134009ECC59 /* LTSDKModel.h */,
			);
			path = LTMobileSDK;
			sourceTree = "<group>";
		};
/* End PBXGroup section */

/* Begin PBXNativeTarget section */
		55F73AFA1A0A6EB800C28B0A /* LiveTex SDK */ = {
			isa = PBXNativeTarget;
			buildConfigurationList = 55F73B1D1A0A6EB900C28B0A /* Build configuration list for PBXNativeTarget "LiveTex SDK" */;
			buildPhases = (
				55F73AF71A0A6EB800C28B0A /* Sources */,
				55F73AF81A0A6EB800C28B0A /* Frameworks */,
				55F73AF91A0A6EB800C28B0A /* Resources */,
			);
			buildRules = (
			);
			dependencies = (
			);
			name = "LiveTex SDK";
			productName = LiveTex_SDK_Demo;
			productReference = 55F73AFB1A0A6EB800C28B0A /* LiveTex SDK.app */;
			productType = "com.apple.product-type.application";
		};
/* End PBXNativeTarget section */

/* Begin PBXProject section */
		55F73AF31A0A6EB800C28B0A /* Project object */ = {
			isa = PBXProject;
			attributes = {
				LastSwiftUpdateCheck = 0700;
				LastUpgradeCheck = 0700;
				ORGANIZATIONNAME = LiveTex;
				TargetAttributes = {
					55F73AFA1A0A6EB800C28B0A = {
						CreatedOnToolsVersion = 6.1;
						DevelopmentTeam = FJE97HEJ7P;
					};
				};
			};
			buildConfigurationList = 55F73AF61A0A6EB800C28B0A /* Build configuration list for PBXProject "LiveTex SDK" */;
			compatibilityVersion = "Xcode 3.2";
			developmentRegion = English;
			hasScannedForEncodings = 0;
			knownRegions = (
				en,
				Base,
			);
			mainGroup = 55F73AF21A0A6EB800C28B0A;
			productRefGroup = 55F73AFC1A0A6EB800C28B0A /* Products */;
			projectDirPath = "";
			projectRoot = "";
			targets = (
				55F73AFA1A0A6EB800C28B0A /* LiveTex SDK */,
			);
		};
/* End PBXProject section */

/* Begin PBXResourcesBuildPhase section */
		55F73AF91A0A6EB800C28B0A /* Resources */ = {
			isa = PBXResourcesBuildPhase;
			buildActionMask = 2147483647;
			files = (
				7E4BF9DD1B26FF5700FF5C80 /* AppIcon40x40@2x.png in Resources */,
				7E4BF9DC1B26FF5700FF5C80 /* AppIcon40x40.png in Resources */,
				7E4BF9E31B26FF5700FF5C80 /* iTunesArtwork.png in Resources */,
				7E4BF9DE1B26FF5700FF5C80 /* AppIcon60x60.png in Resources */,
				7E4BF9E21B26FF5700FF5C80 /* AppIcon76x76@2x.png in Resources */,
				7E3F56F71BAC48ED00DAA04D /* Main.storyboard in Resources */,
				7E4BF9E01B26FF5700FF5C80 /* AppIcon60x60@3x.png in Resources */,
				D1C956361C2459C100535684 /* Settings.bundle in Resources */,
				7E4BF9E11B26FF5700FF5C80 /* AppIcon76x76.png in Resources */,
				7E4BF9DF1B26FF5700FF5C80 /* AppIcon60x60@2x.png in Resources */,
				7E4BF9DA1B26FF5700FF5C80 /* AppIcon29x29.png in Resources */,
				7E4BF9E41B26FF5700FF5C80 /* iTunesArtwork@2x.png in Resources */,
				55F73B0E1A0A6EB900C28B0A /* LaunchScreen.xib in Resources */,
				7E4BF9DB1B26FF5700FF5C80 /* AppIcon29x29@2x.png in Resources */,
				55F73B0B1A0A6EB900C28B0A /* Images.xcassets in Resources */,
			);
			runOnlyForDeploymentPostprocessing = 0;
		};
/* End PBXResourcesBuildPhase section */

/* Begin PBXSourcesBuildPhase section */
		55F73AF71A0A6EB800C28B0A /* Sources */ = {
			isa = PBXSourcesBuildPhase;
			buildActionMask = 2147483647;
			files = (
				55D666081A1364CC001747B0 /* LTEnvolvingViewController.swift in Sources */,
				7EED15261BBD29CC00CEBB11 /* CommonUtils.swift in Sources */,
				553859581A13AFCA0067A33F /* LTChatViewController.swift in Sources */,
				55DEA8EE1A35D7DC006ED45A /* LTChatMessageTableViewCell.swift in Sources */,
				7E023E101B4C391D003E3079 /* LTOfflineChatMessageTableViewCell.swift in Sources */,
				553859561A138E510067A33F /* DejalActivityView.m in Sources */,
				55CC14FD1A3B2A9400C1456C /* Reachability.m in Sources */,
				55DEA8EF1A35D7DC006ED45A /* LTClaimingViewController.swift in Sources */,
				55F73B061A0A6EB900C28B0A /* LTAuthorizationViewController.swift in Sources */,
				55F73B011A0A6EB800C28B0A /* AppDelegate.swift in Sources */,
				7EDB52ED1B232414005320B4 /* LTOfflineConversationTableViewController.swift in Sources */,
				7EDB52F11B25F673005320B4 /* LTOfflineChatViewController.swift in Sources */,
				55DEA8F21A35DDF8006ED45A /* LTSystemMessageTableViewCell.swift in Sources */,
				7EDB52EB1B2323D1005320B4 /* LTOfflineConversationTableViewCell.swift in Sources */,
				55D666061A135F2C001747B0 /* LTApiManager.swift in Sources */,
				7EDB52EF1B232CAD005320B4 /* LTOfflineConversationCreationViewController.swift in Sources */,
				55E17BBB1A4974EB00F503A1 /* LTSWTextMessage.swift in Sources */,
			);
			runOnlyForDeploymentPostprocessing = 0;
		};
/* End PBXSourcesBuildPhase section */

/* Begin PBXVariantGroup section */
		55F73B0C1A0A6EB900C28B0A /* LaunchScreen.xib */ = {
			isa = PBXVariantGroup;
			children = (
				55F73B0D1A0A6EB900C28B0A /* Base */,
				7E4BF9E61B27023C00FF5C80 /* ru */,
			);
			name = LaunchScreen.xib;
			sourceTree = "<group>";
		};
/* End PBXVariantGroup section */

/* Begin XCBuildConfiguration section */
		55F73B1B1A0A6EB900C28B0A /* Debug */ = {
			isa = XCBuildConfiguration;
			buildSettings = {
				ALWAYS_SEARCH_USER_PATHS = NO;
				CLANG_CXX_LANGUAGE_STANDARD = "gnu++0x";
				CLANG_CXX_LIBRARY = "libc++";
				CLANG_ENABLE_MODULES = YES;
				CLANG_ENABLE_OBJC_ARC = YES;
				CLANG_WARN_BOOL_CONVERSION = YES;
				CLANG_WARN_CONSTANT_CONVERSION = YES;
				CLANG_WARN_DIRECT_OBJC_ISA_USAGE = YES_ERROR;
				CLANG_WARN_EMPTY_BODY = YES;
				CLANG_WARN_ENUM_CONVERSION = YES;
				CLANG_WARN_INT_CONVERSION = YES;
				CLANG_WARN_OBJC_ROOT_CLASS = YES_ERROR;
				CLANG_WARN_UNREACHABLE_CODE = YES;
				CLANG_WARN__DUPLICATE_METHOD_MATCH = YES;
				CODE_SIGN_IDENTITY = "iPhone Distribution: LiveTex LLC (FJE97HEJ7P)";
				"CODE_SIGN_IDENTITY[sdk=*]" = "iPhone Distribution: LiveTex LLC (FJE97HEJ7P)";
				COPY_PHASE_STRIP = NO;
				ENABLE_STRICT_OBJC_MSGSEND = YES;
				ENABLE_TESTABILITY = YES;
				GCC_C_LANGUAGE_STANDARD = gnu99;
				GCC_DYNAMIC_NO_PIC = NO;
				GCC_OPTIMIZATION_LEVEL = 0;
				GCC_PREPROCESSOR_DEFINITIONS = (
					"DEBUG=1",
					"$(inherited)",
				);
				GCC_SYMBOLS_PRIVATE_EXTERN = NO;
				GCC_WARN_64_TO_32_BIT_CONVERSION = YES;
				GCC_WARN_ABOUT_RETURN_TYPE = YES_ERROR;
				GCC_WARN_UNDECLARED_SELECTOR = YES;
				GCC_WARN_UNINITIALIZED_AUTOS = YES_AGGRESSIVE;
				GCC_WARN_UNUSED_FUNCTION = YES;
				GCC_WARN_UNUSED_VARIABLE = YES;
				IPHONEOS_DEPLOYMENT_TARGET = 8.0;
				MTL_ENABLE_DEBUG_INFO = YES;
				ONLY_ACTIVE_ARCH = YES;
				PROVISIONING_PROFILE = "4536b328-5544-4a28-b780-d87bf6cea477";
				SDKROOT = iphoneos;
				SWIFT_OPTIMIZATION_LEVEL = "-Onone";
			};
			name = Debug;
		};
		55F73B1C1A0A6EB900C28B0A /* Release */ = {
			isa = XCBuildConfiguration;
			buildSettings = {
				ALWAYS_SEARCH_USER_PATHS = NO;
				CLANG_CXX_LANGUAGE_STANDARD = "gnu++0x";
				CLANG_CXX_LIBRARY = "libc++";
				CLANG_ENABLE_MODULES = YES;
				CLANG_ENABLE_OBJC_ARC = YES;
				CLANG_WARN_BOOL_CONVERSION = YES;
				CLANG_WARN_CONSTANT_CONVERSION = YES;
				CLANG_WARN_DIRECT_OBJC_ISA_USAGE = YES_ERROR;
				CLANG_WARN_EMPTY_BODY = YES;
				CLANG_WARN_ENUM_CONVERSION = YES;
				CLANG_WARN_INT_CONVERSION = YES;
				CLANG_WARN_OBJC_ROOT_CLASS = YES_ERROR;
				CLANG_WARN_UNREACHABLE_CODE = YES;
				CLANG_WARN__DUPLICATE_METHOD_MATCH = YES;
				CODE_SIGN_IDENTITY = "iPhone Distribution: LiveTex LLC (FJE97HEJ7P)";
				"CODE_SIGN_IDENTITY[sdk=iphoneos*]" = "iPhone Distribution: LiveTex LLC (FJE97HEJ7P)";
				COPY_PHASE_STRIP = YES;
				ENABLE_NS_ASSERTIONS = NO;
				ENABLE_STRICT_OBJC_MSGSEND = YES;
				GCC_C_LANGUAGE_STANDARD = gnu99;
				GCC_WARN_64_TO_32_BIT_CONVERSION = YES;
				GCC_WARN_ABOUT_RETURN_TYPE = YES_ERROR;
				GCC_WARN_UNDECLARED_SELECTOR = YES;
				GCC_WARN_UNINITIALIZED_AUTOS = YES_AGGRESSIVE;
				GCC_WARN_UNUSED_FUNCTION = YES;
				GCC_WARN_UNUSED_VARIABLE = YES;
				IPHONEOS_DEPLOYMENT_TARGET = 8.0;
				MTL_ENABLE_DEBUG_INFO = NO;
				PROVISIONING_PROFILE = "4536b328-5544-4a28-b780-d87bf6cea477";
				SDKROOT = iphoneos;
				VALIDATE_PRODUCT = YES;
			};
			name = Release;
		};
		55F73B1E1A0A6EB900C28B0A /* Debug */ = {
			isa = XCBuildConfiguration;
			buildSettings = {
				ASSETCATALOG_COMPILER_APPICON_NAME = AppIcon;
				ASSETCATALOG_COMPILER_LAUNCHIMAGE_NAME = "LaunchImage-2";
				CODE_SIGN_IDENTITY = "iPhone Developer: Emil Abduselimov (MR8TW98N6T)";
				"CODE_SIGN_IDENTITY[sdk=*]" = "iPhone Developer: Emil Abduselimov (MR8TW98N6T)";
				"CODE_SIGN_IDENTITY[sdk=iphoneos*]" = "iPhone Developer: Emil Abduselimov (MR8TW98N6T)";
				DEBUG_INFORMATION_FORMAT = dwarf;
				ENABLE_BITCODE = NO;
				FRAMEWORK_SEARCH_PATHS = (
					"$(inherited)",
					"$(PROJECT_DIR)/HockeySDK-iOS/HockeySDK.embeddedframework",
				);
				HEADER_SEARCH_PATHS = (
					"$(inherited)",
					/Applications/Xcode.app/Contents/Developer/Toolchains/XcodeDefault.xctoolchain/usr/include,
				);
				INFOPLIST_FILE = LiveTex_SDK_Demo/Info.plist;
				IPHONEOS_DEPLOYMENT_TARGET = 8.0;
				LD_RUNPATH_SEARCH_PATHS = "$(inherited) @executable_path/Frameworks";
				LIBRARY_SEARCH_PATHS = (
					"$(inherited)",
					"$(PROJECT_DIR)/LiveTex_SDK_Demo/Livetex_SDK",
					"$(USER_LIBRARY_DIR)/Developer/Xcode/DerivedData/LTMobileSDK-gobsmgafmedlnthgewbmoplmtqum/Build/Products/Debug-iphoneos",
					"$(PROJECT_DIR)/LiveTex_SDK_Demo/LTMobileSDK",
				);
				PRODUCT_BUNDLE_IDENTIFIER = ru.livetex.sdk.mobile;
				PRODUCT_NAME = "$(TARGET_NAME)";
				PROVISIONING_PROFILE = "";
				SWIFT_OBJC_BRIDGING_HEADER = LiveTex_SDK_Demo/LTMobileSDK/LTObjcBridging.h;
				"SWIFT_OBJC_BRIDGING_HEADER[arch=*]" = LiveTex_SDK_Demo/LTMobileSDK/LTObjcBridging.h;
				TARGETED_DEVICE_FAMILY = 1;
			};
			name = Debug;
		};
		55F73B1F1A0A6EB900C28B0A /* Release */ = {
			isa = XCBuildConfiguration;
			buildSettings = {
				ASSETCATALOG_COMPILER_APPICON_NAME = AppIcon;
				ASSETCATALOG_COMPILER_LAUNCHIMAGE_NAME = "LaunchImage-2";
				CODE_SIGN_IDENTITY = "iPhone Developer: Emil Abduselimov (MR8TW98N6T)";
				"CODE_SIGN_IDENTITY[sdk=iphoneos*]" = "iPhone Developer: Emil Abduselimov (MR8TW98N6T)";
				DEBUG_INFORMATION_FORMAT = dwarf;
				ENABLE_BITCODE = NO;
				FRAMEWORK_SEARCH_PATHS = (
					"$(inherited)",
					"$(PROJECT_DIR)/HockeySDK-iOS/HockeySDK.embeddedframework",
				);
				HEADER_SEARCH_PATHS = (
					"$(inherited)",
					/Applications/Xcode.app/Contents/Developer/Toolchains/XcodeDefault.xctoolchain/usr/include,
				);
				INFOPLIST_FILE = LiveTex_SDK_Demo/Info.plist;
				IPHONEOS_DEPLOYMENT_TARGET = 8.0;
				LD_RUNPATH_SEARCH_PATHS = "$(inherited) @executable_path/Frameworks";
				LIBRARY_SEARCH_PATHS = (
					"$(inherited)",
					"$(PROJECT_DIR)/LiveTex_SDK_Demo/Livetex_SDK",
					"$(USER_LIBRARY_DIR)/Developer/Xcode/DerivedData/LTMobileSDK-gobsmgafmedlnthgewbmoplmtqum/Build/Products/Debug-iphoneos",
					"$(PROJECT_DIR)/LiveTex_SDK_Demo/LTMobileSDK",
				);
				PRODUCT_BUNDLE_IDENTIFIER = ru.livetex.sdk.mobile;
				PRODUCT_NAME = "$(TARGET_NAME)";
				PROVISIONING_PROFILE = "";
				SWIFT_OBJC_BRIDGING_HEADER = LiveTex_SDK_Demo/LTMobileSDK/LTObjcBridging.h;
				TARGETED_DEVICE_FAMILY = 1;
			};
			name = Release;
		};
		7E5707271BC54DE400A6B288 /* Distribution */ = {
			isa = XCBuildConfiguration;
			buildSettings = {
				ALWAYS_SEARCH_USER_PATHS = NO;
				CLANG_CXX_LANGUAGE_STANDARD = "gnu++0x";
				CLANG_CXX_LIBRARY = "libc++";
				CLANG_ENABLE_MODULES = YES;
				CLANG_ENABLE_OBJC_ARC = YES;
				CLANG_WARN_BOOL_CONVERSION = YES;
				CLANG_WARN_CONSTANT_CONVERSION = YES;
				CLANG_WARN_DIRECT_OBJC_ISA_USAGE = YES_ERROR;
				CLANG_WARN_EMPTY_BODY = YES;
				CLANG_WARN_ENUM_CONVERSION = YES;
				CLANG_WARN_INT_CONVERSION = YES;
				CLANG_WARN_OBJC_ROOT_CLASS = YES_ERROR;
				CLANG_WARN_UNREACHABLE_CODE = YES;
				CLANG_WARN__DUPLICATE_METHOD_MATCH = YES;
				CODE_SIGN_IDENTITY = "iPhone Distribution: LiveTex LLC (FJE97HEJ7P)";
				"CODE_SIGN_IDENTITY[sdk=iphoneos*]" = "iPhone Distribution: LiveTex LLC (FJE97HEJ7P)";
				COPY_PHASE_STRIP = YES;
				ENABLE_NS_ASSERTIONS = NO;
				ENABLE_STRICT_OBJC_MSGSEND = YES;
				GCC_C_LANGUAGE_STANDARD = gnu99;
				GCC_WARN_64_TO_32_BIT_CONVERSION = YES;
				GCC_WARN_ABOUT_RETURN_TYPE = YES_ERROR;
				GCC_WARN_UNDECLARED_SELECTOR = YES;
				GCC_WARN_UNINITIALIZED_AUTOS = YES_AGGRESSIVE;
				GCC_WARN_UNUSED_FUNCTION = YES;
				GCC_WARN_UNUSED_VARIABLE = YES;
				IPHONEOS_DEPLOYMENT_TARGET = 8.0;
				MTL_ENABLE_DEBUG_INFO = NO;
				PROVISIONING_PROFILE = "4536b328-5544-4a28-b780-d87bf6cea477";
				SDKROOT = iphoneos;
				VALIDATE_PRODUCT = YES;
			};
			name = Distribution;
		};
		7E5707281BC54DE400A6B288 /* Distribution */ = {
			isa = XCBuildConfiguration;
			buildSettings = {
				ASSETCATALOG_COMPILER_APPICON_NAME = AppIcon;
				ASSETCATALOG_COMPILER_LAUNCHIMAGE_NAME = "LaunchImage-2";
				CODE_SIGN_IDENTITY = "iPhone Developer: Emil Abduselimov (MR8TW98N6T)";
				"CODE_SIGN_IDENTITY[sdk=iphoneos*]" = "iPhone Developer: Emil Abduselimov (MR8TW98N6T)";
				DEBUG_INFORMATION_FORMAT = dwarf;
				ENABLE_BITCODE = NO;
				FRAMEWORK_SEARCH_PATHS = (
					"$(inherited)",
					"$(PROJECT_DIR)/HockeySDK-iOS/HockeySDK.embeddedframework",
				);
				HEADER_SEARCH_PATHS = (
					"$(inherited)",
					/Applications/Xcode.app/Contents/Developer/Toolchains/XcodeDefault.xctoolchain/usr/include,
				);
				INFOPLIST_FILE = LiveTex_SDK_Demo/Info.plist;
				IPHONEOS_DEPLOYMENT_TARGET = 8.0;
				LD_RUNPATH_SEARCH_PATHS = "$(inherited) @executable_path/Frameworks";
				LIBRARY_SEARCH_PATHS = (
					"$(inherited)",
					"$(PROJECT_DIR)/LiveTex_SDK_Demo/Livetex_SDK",
					"$(USER_LIBRARY_DIR)/Developer/Xcode/DerivedData/LTMobileSDK-gobsmgafmedlnthgewbmoplmtqum/Build/Products/Debug-iphoneos",
					"$(PROJECT_DIR)/LiveTex_SDK_Demo/LTMobileSDK",
				);
				PRODUCT_BUNDLE_IDENTIFIER = ru.livetex.sdk.mobile;
				PRODUCT_NAME = "$(TARGET_NAME)";
				PROVISIONING_PROFILE = "";
				SWIFT_OBJC_BRIDGING_HEADER = LiveTex_SDK_Demo/LTMobileSDK/LTObjcBridging.h;
				TARGETED_DEVICE_FAMILY = 1;
			};
			name = Distribution;
		};
/* End XCBuildConfiguration section */

/* Begin XCConfigurationList section */
		55F73AF61A0A6EB800C28B0A /* Build configuration list for PBXProject "LiveTex SDK" */ = {
			isa = XCConfigurationList;
			buildConfigurations = (
				55F73B1B1A0A6EB900C28B0A /* Debug */,
				55F73B1C1A0A6EB900C28B0A /* Release */,
				7E5707271BC54DE400A6B288 /* Distribution */,
			);
			defaultConfigurationIsVisible = 0;
			defaultConfigurationName = Release;
		};
		55F73B1D1A0A6EB900C28B0A /* Build configuration list for PBXNativeTarget "LiveTex SDK" */ = {
			isa = XCConfigurationList;
			buildConfigurations = (
				55F73B1E1A0A6EB900C28B0A /* Debug */,
				55F73B1F1A0A6EB900C28B0A /* Release */,
				7E5707281BC54DE400A6B288 /* Distribution */,
			);
			defaultConfigurationIsVisible = 0;
			defaultConfigurationName = Release;
		};
/* End XCConfigurationList section */
	};
	rootObject = 55F73AF31A0A6EB800C28B0A /* Project object */;
}
