// !$*UTF8*$!
{
	archiveVersion = 1;
	classes = {
	};
	objectVersion = 46;
	objects = {

/* Begin PBXBuildFile section */
		55CC14FD1A3B2A9400C1456C /* Reachability.m in Sources */ = {isa = PBXBuildFile; fileRef = 55CC14FC1A3B2A9400C1456C /* Reachability.m */; };
		55D666061A135F2C001747B0 /* LivetexCoreManager.swift in Sources */ = {isa = PBXBuildFile; fileRef = 55D666051A135F2C001747B0 /* LivetexCoreManager.swift */; };
		55F73B011A0A6EB800C28B0A /* AppDelegate.swift in Sources */ = {isa = PBXBuildFile; fileRef = 55F73B001A0A6EB800C28B0A /* AppDelegate.swift */; };
		55F73B061A0A6EB900C28B0A /* AuthorizationViewController.swift in Sources */ = {isa = PBXBuildFile; fileRef = 55F73B051A0A6EB900C28B0A /* AuthorizationViewController.swift */; };
		55F73B0B1A0A6EB900C28B0A /* Images.xcassets in Resources */ = {isa = PBXBuildFile; fileRef = 55F73B0A1A0A6EB900C28B0A /* Images.xcassets */; };
		55F73B0E1A0A6EB900C28B0A /* LaunchScreen.xib in Resources */ = {isa = PBXBuildFile; fileRef = 55F73B0C1A0A6EB900C28B0A /* LaunchScreen.xib */; };
		6E1D9315C8CFC4CB0F32D646 /* Pods_LiveTex_SDK.framework in Frameworks */ = {isa = PBXBuildFile; fileRef = 71D1A7C12A8BCF80DBB58D78 /* Pods_LiveTex_SDK.framework */; };
		D125503A1C8991010057AB8F /* SettingsViewController.swift in Sources */ = {isa = PBXBuildFile; fileRef = D12550391C8991010057AB8F /* SettingsViewController.swift */; };
		D1269E4A1D5B23F1000BC3E8 /* Fabric.framework in Frameworks */ = {isa = PBXBuildFile; fileRef = D1269E481D5B23F1000BC3E8 /* Fabric.framework */; };
		D1269E4B1D5B23F1000BC3E8 /* Crashlytics.framework in Frameworks */ = {isa = PBXBuildFile; fileRef = D1269E491D5B23F1000BC3E8 /* Crashlytics.framework */; };
		D157BCDD1CBE75CD000E6271 /* ConversationViewController.swift in Sources */ = {isa = PBXBuildFile; fileRef = D157BCDC1CBE75CD000E6271 /* ConversationViewController.swift */; };
		D157BCE31CBF89E3000E6271 /* Main.storyboard in Resources */ = {isa = PBXBuildFile; fileRef = D157BCE21CBF89E3000E6271 /* Main.storyboard */; };
		D16C2EC61D2FD315004D112C /* LivetexCore.framework in Frameworks */ = {isa = PBXBuildFile; fileRef = D16C2EC51D2FD315004D112C /* LivetexCore.framework */; };
		D1E91C9C1D5E153100562D0E /* ChatViewController.swift in Sources */ = {isa = PBXBuildFile; fileRef = D1E91C9B1D5E153100562D0E /* ChatViewController.swift */; };
/* End PBXBuildFile section */

/* Begin PBXFileReference section */
		55CC14FB1A3B2A9400C1456C /* Reachability.h */ = {isa = PBXFileReference; fileEncoding = 4; lastKnownFileType = sourcecode.c.h; path = Reachability.h; sourceTree = "<group>"; };
		55CC14FC1A3B2A9400C1456C /* Reachability.m */ = {isa = PBXFileReference; fileEncoding = 4; lastKnownFileType = sourcecode.c.objc; path = Reachability.m; sourceTree = "<group>"; };
		55D666051A135F2C001747B0 /* LivetexCoreManager.swift */ = {isa = PBXFileReference; fileEncoding = 4; lastKnownFileType = sourcecode.swift; path = LivetexCoreManager.swift; sourceTree = "<group>"; };
		55F73AFB1A0A6EB800C28B0A /* LiveTex SDK.app */ = {isa = PBXFileReference; explicitFileType = wrapper.application; includeInIndex = 0; path = "LiveTex SDK.app"; sourceTree = BUILT_PRODUCTS_DIR; };
		55F73AFF1A0A6EB800C28B0A /* Info.plist */ = {isa = PBXFileReference; lastKnownFileType = text.plist.xml; path = Info.plist; sourceTree = "<group>"; };
		55F73B001A0A6EB800C28B0A /* AppDelegate.swift */ = {isa = PBXFileReference; lastKnownFileType = sourcecode.swift; lineEnding = 0; path = AppDelegate.swift; sourceTree = "<group>"; };
		55F73B051A0A6EB900C28B0A /* AuthorizationViewController.swift */ = {isa = PBXFileReference; lastKnownFileType = sourcecode.swift; path = AuthorizationViewController.swift; sourceTree = "<group>"; };
		55F73B0A1A0A6EB900C28B0A /* Images.xcassets */ = {isa = PBXFileReference; lastKnownFileType = folder.assetcatalog; path = Images.xcassets; sourceTree = "<group>"; };
		55F73B0D1A0A6EB900C28B0A /* Base */ = {isa = PBXFileReference; lastKnownFileType = file.xib; name = Base; path = Base.lproj/LaunchScreen.xib; sourceTree = "<group>"; };
		71D1A7C12A8BCF80DBB58D78 /* Pods_LiveTex_SDK.framework */ = {isa = PBXFileReference; explicitFileType = wrapper.framework; includeInIndex = 0; path = Pods_LiveTex_SDK.framework; sourceTree = BUILT_PRODUCTS_DIR; };
		7B9DE94EDD12C7070F2552CC /* Pods-LiveTex SDK.release.xcconfig */ = {isa = PBXFileReference; includeInIndex = 1; lastKnownFileType = text.xcconfig; name = "Pods-LiveTex SDK.release.xcconfig"; path = "Pods/Target Support Files/Pods-LiveTex SDK/Pods-LiveTex SDK.release.xcconfig"; sourceTree = "<group>"; };
		7E4BF9E61B27023C00FF5C80 /* ru */ = {isa = PBXFileReference; lastKnownFileType = text.plist.strings; name = ru; path = ru.lproj/LaunchScreen.strings; sourceTree = "<group>"; };
		B30BC51FD66065288E264F80 /* Pods-LiveTex SDK.debug.xcconfig */ = {isa = PBXFileReference; includeInIndex = 1; lastKnownFileType = text.xcconfig; name = "Pods-LiveTex SDK.debug.xcconfig"; path = "Pods/Target Support Files/Pods-LiveTex SDK/Pods-LiveTex SDK.debug.xcconfig"; sourceTree = "<group>"; };
		D12550391C8991010057AB8F /* SettingsViewController.swift */ = {isa = PBXFileReference; fileEncoding = 4; lastKnownFileType = sourcecode.swift; path = SettingsViewController.swift; sourceTree = "<group>"; };
		D1269E481D5B23F1000BC3E8 /* Fabric.framework */ = {isa = PBXFileReference; lastKnownFileType = wrapper.framework; path = Fabric.framework; sourceTree = "<group>"; };
		D1269E491D5B23F1000BC3E8 /* Crashlytics.framework */ = {isa = PBXFileReference; lastKnownFileType = wrapper.framework; path = Crashlytics.framework; sourceTree = "<group>"; };
		D157BCDC1CBE75CD000E6271 /* ConversationViewController.swift */ = {isa = PBXFileReference; fileEncoding = 4; lastKnownFileType = sourcecode.swift; path = ConversationViewController.swift; sourceTree = "<group>"; };
		D157BCE21CBF89E3000E6271 /* Main.storyboard */ = {isa = PBXFileReference; fileEncoding = 4; lastKnownFileType = file.storyboard; path = Main.storyboard; sourceTree = "<group>"; };
		D16C2EC51D2FD315004D112C /* LivetexCore.framework */ = {isa = PBXFileReference; lastKnownFileType = wrapper.framework; path = LivetexCore.framework; sourceTree = "<group>"; };
		D16FEA9E1D23C500009CAA67 /* LTObjcBridging.h */ = {isa = PBXFileReference; fileEncoding = 4; lastKnownFileType = sourcecode.c.h; path = LTObjcBridging.h; sourceTree = "<group>"; };
		D1C204501DD4CFCB0055B0B7 /* LiveTex SDK.entitlements */ = {isa = PBXFileReference; lastKnownFileType = text.plist.entitlements; path = "LiveTex SDK.entitlements"; sourceTree = "<group>"; };
		D1E91C9B1D5E153100562D0E /* ChatViewController.swift */ = {isa = PBXFileReference; fileEncoding = 4; lastKnownFileType = sourcecode.swift; path = ChatViewController.swift; sourceTree = "<group>"; };
		FCFDD0332147618047AEEF8B /* Pods-LiveTex SDK.distribution.xcconfig */ = {isa = PBXFileReference; includeInIndex = 1; lastKnownFileType = text.xcconfig; name = "Pods-LiveTex SDK.distribution.xcconfig"; path = "Pods/Target Support Files/Pods-LiveTex SDK/Pods-LiveTex SDK.distribution.xcconfig"; sourceTree = "<group>"; };
/* End PBXFileReference section */

/* Begin PBXFrameworksBuildPhase section */
		55F73AF81A0A6EB800C28B0A /* Frameworks */ = {
			isa = PBXFrameworksBuildPhase;
			buildActionMask = 2147483647;
			files = (
				D16C2EC61D2FD315004D112C /* LivetexCore.framework in Frameworks */,
				D1269E4B1D5B23F1000BC3E8 /* Crashlytics.framework in Frameworks */,
				D1269E4A1D5B23F1000BC3E8 /* Fabric.framework in Frameworks */,
				6E1D9315C8CFC4CB0F32D646 /* Pods_LiveTex_SDK.framework in Frameworks */,
			);
			runOnlyForDeploymentPostprocessing = 0;
		};
/* End PBXFrameworksBuildPhase section */

/* Begin PBXGroup section */
		290AFA51F9E20C341C52D36D /* Frameworks */ = {
			isa = PBXGroup;
			children = (
				71D1A7C12A8BCF80DBB58D78 /* Pods_LiveTex_SDK.framework */,
			);
			name = Frameworks;
			sourceTree = "<group>";
		};
		55F73AF21A0A6EB800C28B0A = {
			isa = PBXGroup;
			children = (
				D1C204501DD4CFCB0055B0B7 /* LiveTex SDK.entitlements */,
				55F73AFD1A0A6EB800C28B0A /* LiveTexSDK */,
				55F73AFC1A0A6EB800C28B0A /* Products */,
				C617D66CCF0A71CC3F2C88B3 /* Pods */,
				290AFA51F9E20C341C52D36D /* Frameworks */,
			);
			sourceTree = "<group>";
		};
		55F73AFC1A0A6EB800C28B0A /* Products */ = {
			isa = PBXGroup;
			children = (
				55F73AFB1A0A6EB800C28B0A /* LiveTex SDK.app */,
			);
			name = Products;
			sourceTree = "<group>";
		};
		55F73AFD1A0A6EB800C28B0A /* LiveTexSDK */ = {
			isa = PBXGroup;
			children = (
				55F73B001A0A6EB800C28B0A /* AppDelegate.swift */,
				55D666051A135F2C001747B0 /* LivetexCoreManager.swift */,
				D16FEABC1D2A5A9A009CAA67 /* Controllers */,
				7E023E0D1B4C2064003E3079 /* External */,
				55F73B0A1A0A6EB900C28B0A /* Images.xcassets */,
				55F73B0C1A0A6EB900C28B0A /* LaunchScreen.xib */,
				55F73AFE1A0A6EB800C28B0A /* Supporting Files */,
				D157BCE21CBF89E3000E6271 /* Main.storyboard */,
				D16FEABD1D2A5AD2009CAA67 /* Frameworks */,
			);
			name = LiveTexSDK;
			path = LiveTex_SDK_Demo;
			sourceTree = "<group>";
		};
		55F73AFE1A0A6EB800C28B0A /* Supporting Files */ = {
			isa = PBXGroup;
			children = (
				D16FEA9E1D23C500009CAA67 /* LTObjcBridging.h */,
				55F73AFF1A0A6EB800C28B0A /* Info.plist */,
			);
			name = "Supporting Files";
			sourceTree = "<group>";
		};
		7E023E0D1B4C2064003E3079 /* External */ = {
			isa = PBXGroup;
			children = (
				55CC14FB1A3B2A9400C1456C /* Reachability.h */,
				55CC14FC1A3B2A9400C1456C /* Reachability.m */,
			);
			name = External;
			sourceTree = "<group>";
		};
		C617D66CCF0A71CC3F2C88B3 /* Pods */ = {
			isa = PBXGroup;
			children = (
				B30BC51FD66065288E264F80 /* Pods-LiveTex SDK.debug.xcconfig */,
				7B9DE94EDD12C7070F2552CC /* Pods-LiveTex SDK.release.xcconfig */,
				FCFDD0332147618047AEEF8B /* Pods-LiveTex SDK.distribution.xcconfig */,
			);
			name = Pods;
			sourceTree = "<group>";
		};
		D16FEABC1D2A5A9A009CAA67 /* Controllers */ = {
			isa = PBXGroup;
			children = (
				D1E91C9B1D5E153100562D0E /* ChatViewController.swift */,
				D12550391C8991010057AB8F /* SettingsViewController.swift */,
				55F73B051A0A6EB900C28B0A /* AuthorizationViewController.swift */,
				D157BCDC1CBE75CD000E6271 /* ConversationViewController.swift */,
			);
			name = Controllers;
			sourceTree = "<group>";
		};
		D16FEABD1D2A5AD2009CAA67 /* Frameworks */ = {
			isa = PBXGroup;
			children = (
				D1269E481D5B23F1000BC3E8 /* Fabric.framework */,
				D1269E491D5B23F1000BC3E8 /* Crashlytics.framework */,
				D16C2EC51D2FD315004D112C /* LivetexCore.framework */,
			);
			name = Frameworks;
			path = ..;
			sourceTree = "<group>";
		};
/* End PBXGroup section */

/* Begin PBXNativeTarget section */
		55F73AFA1A0A6EB800C28B0A /* LiveTex SDK */ = {
			isa = PBXNativeTarget;
			buildConfigurationList = 55F73B1D1A0A6EB900C28B0A /* Build configuration list for PBXNativeTarget "LiveTex SDK" */;
			buildPhases = (
				6EA85E584EE81FC85B33F229 /* Check Pods Manifest.lock */,
				55F73AF71A0A6EB800C28B0A /* Sources */,
				55F73AF81A0A6EB800C28B0A /* Frameworks */,
				55F73AF91A0A6EB800C28B0A /* Resources */,
				D14ADD131D5B225B0004FEBE /* ShellScript */,
				7364CA7015822A98BA2B6BAC /* Embed Pods Frameworks */,
				71CD8212EABEBD33361F93A7 /* Copy Pods Resources */,
			);
			buildRules = (
			);
			dependencies = (
			);
			name = "LiveTex SDK";
			productName = LiveTex_SDK_Demo;
			productReference = 55F73AFB1A0A6EB800C28B0A /* LiveTex SDK.app */;
			productType = "com.apple.product-type.application";
		};
/* End PBXNativeTarget section */

/* Begin PBXProject section */
		55F73AF31A0A6EB800C28B0A /* Project object */ = {
			isa = PBXProject;
			attributes = {
				LastSwiftUpdateCheck = 0700;
				LastUpgradeCheck = 1030;
				ORGANIZATIONNAME = LiveTex;
				TargetAttributes = {
					55F73AFA1A0A6EB800C28B0A = {
						CreatedOnToolsVersion = 6.1;
						DevelopmentTeam = FJE97HEJ7P;
						LastSwiftMigration = 1110;
						ProvisioningStyle = Automatic;
						SystemCapabilities = {
							com.apple.Push = {
								enabled = 1;
							};
						};
					};
				};
			};
			buildConfigurationList = 55F73AF61A0A6EB800C28B0A /* Build configuration list for PBXProject "LiveTex SDK" */;
			compatibilityVersion = "Xcode 3.2";
			developmentRegion = English;
			hasScannedForEncodings = 0;
			knownRegions = (
				English,
				en,
				Base,
				ru,
			);
			mainGroup = 55F73AF21A0A6EB800C28B0A;
			productRefGroup = 55F73AFC1A0A6EB800C28B0A /* Products */;
			projectDirPath = "";
			projectRoot = "";
			targets = (
				55F73AFA1A0A6EB800C28B0A /* LiveTex SDK */,
			);
		};
/* End PBXProject section */

/* Begin PBXResourcesBuildPhase section */
		55F73AF91A0A6EB800C28B0A /* Resources */ = {
			isa = PBXResourcesBuildPhase;
			buildActionMask = 2147483647;
			files = (
				D157BCE31CBF89E3000E6271 /* Main.storyboard in Resources */,
				55F73B0E1A0A6EB900C28B0A /* LaunchScreen.xib in Resources */,
				55F73B0B1A0A6EB900C28B0A /* Images.xcassets in Resources */,
			);
			runOnlyForDeploymentPostprocessing = 0;
		};
/* End PBXResourcesBuildPhase section */

/* Begin PBXShellScriptBuildPhase section */
		6EA85E584EE81FC85B33F229 /* Check Pods Manifest.lock */ = {
			isa = PBXShellScriptBuildPhase;
			buildActionMask = 2147483647;
			files = (
			);
			inputPaths = (
			);
			name = "Check Pods Manifest.lock";
			outputPaths = (
			);
			runOnlyForDeploymentPostprocessing = 0;
			shellPath = /bin/sh;
			shellScript = "diff \"${PODS_ROOT}/../Podfile.lock\" \"${PODS_ROOT}/Manifest.lock\" > /dev/null\nif [[ $? != 0 ]] ; then\n    cat << EOM\nerror: The sandbox is not in sync with the Podfile.lock. Run 'pod install' or update your CocoaPods installation.\nEOM\n    exit 1\nfi\n";
			showEnvVarsInLog = 0;
		};
		71CD8212EABEBD33361F93A7 /* Copy Pods Resources */ = {
			isa = PBXShellScriptBuildPhase;
			buildActionMask = 2147483647;
			files = (
			);
			inputPaths = (
			);
			name = "Copy Pods Resources";
			outputPaths = (
			);
			runOnlyForDeploymentPostprocessing = 0;
			shellPath = /bin/sh;
			shellScript = "\"${SRCROOT}/Pods/Target Support Files/Pods-LiveTex SDK/Pods-LiveTex SDK-resources.sh\"\n";
			showEnvVarsInLog = 0;
		};
		7364CA7015822A98BA2B6BAC /* Embed Pods Frameworks */ = {
			isa = PBXShellScriptBuildPhase;
			buildActionMask = 2147483647;
			files = (
			);
			inputPaths = (
			);
			name = "Embed Pods Frameworks";
			outputPaths = (
			);
			runOnlyForDeploymentPostprocessing = 0;
			shellPath = /bin/sh;
			shellScript = "\"${SRCROOT}/Pods/Target Support Files/Pods-LiveTex SDK/Pods-LiveTex SDK-frameworks.sh\"\n";
			showEnvVarsInLog = 0;
		};
		D14ADD131D5B225B0004FEBE /* ShellScript */ = {
			isa = PBXShellScriptBuildPhase;
			buildActionMask = 2147483647;
			files = (
			);
			inputPaths = (
			);
			outputPaths = (
			);
			runOnlyForDeploymentPostprocessing = 0;
			shellPath = /bin/sh;
			shellScript = "./Fabric.framework/run 68c19c10e67e289fdd94cda4c5a16a5cad46a866 24fccdf34eff0b31d4023ec849d0ee30c6457a3cd068405a528ffec400d7b7b9\n\nIFS=$'\\n'\nbuildNumber=$(/usr/libexec/PlistBuddy -c \"Print CFBundleVersion\" \"${PROJECT_DIR}/${INFOPLIST_FILE}\")\nversionNumber=$(/usr/libexec/PlistBuddy -c \"Print CFBundleShortVersionString\" \"${PROJECT_DIR}/${INFOPLIST_FILE}\")\nPATH=${PATH}:/usr/local/bin\n\nfunction generateIcon () {\n    BASE_IMAGE_NAME=$1\n    \n    TARGET_PATH=\"${BUILT_PRODUCTS_DIR}/${UNLOCALIZED_RESOURCES_FOLDER_PATH}/${BASE_IMAGE_NAME}\"\n    echo $TARGET_PATH\n    echo $SRCROOT\n    echo $(find ${SRCROOT} -name \"AppIcon60x60@2x.png\")\n    BASE_IMAGE_PATH=$(find ${SRCROOT} -name ${BASE_IMAGE_NAME})\n    WIDTH=$(identify -format %w ${BASE_IMAGE_PATH})\n    FONT_SIZE=$(echo \"$WIDTH * .16\" | bc -l)\n    echo \"font size $FONT_SIZE\"\n    \n    if [ \"${CONFIGURATION}\" == \"Debug\" ]; then\n    convert debugRibbon.png -resize ${WIDTH}x${WIDTH} resizedRibbon.png\n    convert ${BASE_IMAGE_PATH} -fill Red -font Courier-Bold -pointsize ${FONT_SIZE} -gravity south -annotate 0 \"$versionNumber\" - | composite resizedRibbon.png - ${TARGET_PATH}\n    fi\n    \n    if [ \"${CONFIGURATION}\" == \"Beta\" ]; then\n    convert betaRibbon.png -resize ${WIDTH}x${WIDTH} resizedRibbon.png\n    convert ${BASE_IMAGE_PATH} -fill white -font Times-Boldr -pointsize ${FONT_SIZE} -gravity south -annotate 0 \"$versionNumber\" - | composite resizedRibbon.png - ${TARGET_PATH}\n    fi\n}\n\ngenerateIcon \"AppIcon60x60@2x.png\"\ngenerateIcon \"AppIcon60x60@3x.png\"\ngenerateIcon \"AppIcon76x76~ipad.png\"\ngenerateIcon \"AppIcon76x76@2x~ipad.png\"";
		};
/* End PBXShellScriptBuildPhase section */

/* Begin PBXSourcesBuildPhase section */
		55F73AF71A0A6EB800C28B0A /* Sources */ = {
			isa = PBXSourcesBuildPhase;
			buildActionMask = 2147483647;
			files = (
				D125503A1C8991010057AB8F /* SettingsViewController.swift in Sources */,
				55CC14FD1A3B2A9400C1456C /* Reachability.m in Sources */,
				D157BCDD1CBE75CD000E6271 /* ConversationViewController.swift in Sources */,
				55F73B061A0A6EB900C28B0A /* AuthorizationViewController.swift in Sources */,
				55F73B011A0A6EB800C28B0A /* AppDelegate.swift in Sources */,
				D1E91C9C1D5E153100562D0E /* ChatViewController.swift in Sources */,
				55D666061A135F2C001747B0 /* LivetexCoreManager.swift in Sources */,
			);
			runOnlyForDeploymentPostprocessing = 0;
		};
/* End PBXSourcesBuildPhase section */

/* Begin PBXVariantGroup section */
		55F73B0C1A0A6EB900C28B0A /* LaunchScreen.xib */ = {
			isa = PBXVariantGroup;
			children = (
				55F73B0D1A0A6EB900C28B0A /* Base */,
				7E4BF9E61B27023C00FF5C80 /* ru */,
			);
			name = LaunchScreen.xib;
			sourceTree = "<group>";
		};
/* End PBXVariantGroup section */

/* Begin XCBuildConfiguration section */
		55F73B1B1A0A6EB900C28B0A /* Debug */ = {
			isa = XCBuildConfiguration;
			buildSettings = {
				ALWAYS_SEARCH_USER_PATHS = NO;
				CLANG_ANALYZER_LOCALIZABILITY_NONLOCALIZED = YES;
				CLANG_CXX_LANGUAGE_STANDARD = "gnu++0x";
				CLANG_CXX_LIBRARY = "libc++";
				CLANG_ENABLE_MODULES = YES;
				CLANG_ENABLE_OBJC_ARC = YES;
				CLANG_WARN_BLOCK_CAPTURE_AUTORELEASING = YES;
				CLANG_WARN_BOOL_CONVERSION = YES;
				CLANG_WARN_COMMA = YES;
				CLANG_WARN_CONSTANT_CONVERSION = YES;
				CLANG_WARN_DEPRECATED_OBJC_IMPLEMENTATIONS = YES;
				CLANG_WARN_DIRECT_OBJC_ISA_USAGE = YES_ERROR;
				CLANG_WARN_EMPTY_BODY = YES;
				CLANG_WARN_ENUM_CONVERSION = YES;
				CLANG_WARN_INFINITE_RECURSION = YES;
				CLANG_WARN_INT_CONVERSION = YES;
				CLANG_WARN_NON_LITERAL_NULL_CONVERSION = YES;
				CLANG_WARN_OBJC_IMPLICIT_RETAIN_SELF = YES;
				CLANG_WARN_OBJC_LITERAL_CONVERSION = YES;
				CLANG_WARN_OBJC_ROOT_CLASS = YES_ERROR;
				CLANG_WARN_RANGE_LOOP_ANALYSIS = YES;
				CLANG_WARN_STRICT_PROTOTYPES = YES;
				CLANG_WARN_SUSPICIOUS_MOVE = YES;
				CLANG_WARN_UNREACHABLE_CODE = YES;
				CLANG_WARN__DUPLICATE_METHOD_MATCH = YES;
				CODE_SIGN_IDENTITY = "iPhone Distribution: LiveTex LLC (FJE97HEJ7P)";
				"CODE_SIGN_IDENTITY[sdk=*]" = "iPhone Distribution: LiveTex LLC (FJE97HEJ7P)";
				COPY_PHASE_STRIP = NO;
				ENABLE_STRICT_OBJC_MSGSEND = YES;
				ENABLE_TESTABILITY = YES;
				GCC_C_LANGUAGE_STANDARD = gnu99;
				GCC_DYNAMIC_NO_PIC = NO;
				GCC_NO_COMMON_BLOCKS = YES;
				GCC_OPTIMIZATION_LEVEL = 0;
				GCC_PREPROCESSOR_DEFINITIONS = (
					"DEBUG=1",
					"$(inherited)",
				);
				GCC_SYMBOLS_PRIVATE_EXTERN = NO;
				GCC_WARN_64_TO_32_BIT_CONVERSION = YES;
				GCC_WARN_ABOUT_RETURN_TYPE = YES_ERROR;
				GCC_WARN_UNDECLARED_SELECTOR = YES;
				GCC_WARN_UNINITIALIZED_AUTOS = YES_AGGRESSIVE;
				GCC_WARN_UNUSED_FUNCTION = YES;
				GCC_WARN_UNUSED_VARIABLE = YES;
				IPHONEOS_DEPLOYMENT_TARGET = 8.0;
				MTL_ENABLE_DEBUG_INFO = YES;
				ONLY_ACTIVE_ARCH = YES;
				PROVISIONING_PROFILE = "4536b328-5544-4a28-b780-d87bf6cea477";
				SDKROOT = iphoneos;
				SWIFT_OPTIMIZATION_LEVEL = "-Onone";
			};
			name = Debug;
		};
		55F73B1C1A0A6EB900C28B0A /* Release */ = {
			isa = XCBuildConfiguration;
			buildSettings = {
				ALWAYS_SEARCH_USER_PATHS = NO;
				CLANG_ANALYZER_LOCALIZABILITY_NONLOCALIZED = YES;
				CLANG_CXX_LANGUAGE_STANDARD = "gnu++0x";
				CLANG_CXX_LIBRARY = "libc++";
				CLANG_ENABLE_MODULES = YES;
				CLANG_ENABLE_OBJC_ARC = YES;
				CLANG_WARN_BLOCK_CAPTURE_AUTORELEASING = YES;
				CLANG_WARN_BOOL_CONVERSION = YES;
				CLANG_WARN_COMMA = YES;
				CLANG_WARN_CONSTANT_CONVERSION = YES;
				CLANG_WARN_DEPRECATED_OBJC_IMPLEMENTATIONS = YES;
				CLANG_WARN_DIRECT_OBJC_ISA_USAGE = YES_ERROR;
				CLANG_WARN_EMPTY_BODY = YES;
				CLANG_WARN_ENUM_CONVERSION = YES;
				CLANG_WARN_INFINITE_RECURSION = YES;
				CLANG_WARN_INT_CONVERSION = YES;
				CLANG_WARN_NON_LITERAL_NULL_CONVERSION = YES;
				CLANG_WARN_OBJC_IMPLICIT_RETAIN_SELF = YES;
				CLANG_WARN_OBJC_LITERAL_CONVERSION = YES;
				CLANG_WARN_OBJC_ROOT_CLASS = YES_ERROR;
				CLANG_WARN_RANGE_LOOP_ANALYSIS = YES;
				CLANG_WARN_STRICT_PROTOTYPES = YES;
				CLANG_WARN_SUSPICIOUS_MOVE = YES;
				CLANG_WARN_UNREACHABLE_CODE = YES;
				CLANG_WARN__DUPLICATE_METHOD_MATCH = YES;
				CODE_SIGN_IDENTITY = "iPhone Distribution: LiveTex LLC (FJE97HEJ7P)";
				"CODE_SIGN_IDENTITY[sdk=iphoneos*]" = "iPhone Distribution: LiveTex LLC (FJE97HEJ7P)";
				COPY_PHASE_STRIP = YES;
				ENABLE_NS_ASSERTIONS = NO;
				ENABLE_STRICT_OBJC_MSGSEND = YES;
				GCC_C_LANGUAGE_STANDARD = gnu99;
				GCC_NO_COMMON_BLOCKS = YES;
				GCC_WARN_64_TO_32_BIT_CONVERSION = YES;
				GCC_WARN_ABOUT_RETURN_TYPE = YES_ERROR;
				GCC_WARN_UNDECLARED_SELECTOR = YES;
				GCC_WARN_UNINITIALIZED_AUTOS = YES_AGGRESSIVE;
				GCC_WARN_UNUSED_FUNCTION = YES;
				GCC_WARN_UNUSED_VARIABLE = YES;
				IPHONEOS_DEPLOYMENT_TARGET = 8.0;
				MTL_ENABLE_DEBUG_INFO = NO;
				PROVISIONING_PROFILE = "4536b328-5544-4a28-b780-d87bf6cea477";
				SDKROOT = iphoneos;
				SWIFT_OPTIMIZATION_LEVEL = "-Owholemodule";
				VALIDATE_PRODUCT = YES;
			};
			name = Release;
		};
		55F73B1E1A0A6EB900C28B0A /* Debug */ = {
			isa = XCBuildConfiguration;
			baseConfigurationReference = B30BC51FD66065288E264F80 /* Pods-LiveTex SDK.debug.xcconfig */;
			buildSettings = {
				ASSETCATALOG_COMPILER_APPICON_NAME = AppIcon;
				ASSETCATALOG_COMPILER_LAUNCHIMAGE_NAME = "LaunchImage-2";
				CODE_SIGN_ENTITLEMENTS = "LiveTex SDK.entitlements";
				CODE_SIGN_IDENTITY = "";
				"CODE_SIGN_IDENTITY[sdk=*]" = "iPhone Developer";
				"CODE_SIGN_IDENTITY[sdk=iphoneos*]" = "iPhone Developer";
				COPY_PHASE_STRIP = NO;
				DEBUG_INFORMATION_FORMAT = "dwarf-with-dsym";
				DEVELOPMENT_TEAM = "";
				ENABLE_BITCODE = NO;
				FRAMEWORK_SEARCH_PATHS = (
					"$(inherited)",
					"$(PROJECT_DIR)",
				);
				HEADER_SEARCH_PATHS = (
					"$(inherited)",
					/Applications/Xcode.app/Contents/Developer/Toolchains/XcodeDefault.xctoolchain/usr/include,
					"\"$(SRCROOT)/../../LivetexCore/LivetexCore\"/**",
				);
				INFOPLIST_FILE = LiveTex_SDK_Demo/Info.plist;
				IPHONEOS_DEPLOYMENT_TARGET = 8.0;
				LD_RUNPATH_SEARCH_PATHS = "$(inherited) @executable_path/Frameworks";
				LIBRARY_SEARCH_PATHS = "$(inherited)";
				OTHER_SWIFT_FLAGS = "";
				PRODUCT_BUNDLE_IDENTIFIER = ru.livetex.sdk.mobile;
				PRODUCT_NAME = "$(TARGET_NAME)";
				PROVISIONING_PROFILE = "";
				PROVISIONING_PROFILE_SPECIFIER = "";
				SWIFT_OBJC_BRIDGING_HEADER = LiveTex_SDK_Demo/LTObjcBridging.h;
				"SWIFT_OBJC_BRIDGING_HEADER[arch=*]" = LiveTex_SDK_Demo/LTObjcBridging.h;
				SWIFT_VERSION = 4.2;
				TARGETED_DEVICE_FAMILY = 1;
			};
			name = Debug;
		};
		55F73B1F1A0A6EB900C28B0A /* Release */ = {
			isa = XCBuildConfiguration;
			baseConfigurationReference = 7B9DE94EDD12C7070F2552CC /* Pods-LiveTex SDK.release.xcconfig */;
			buildSettings = {
				ASSETCATALOG_COMPILER_APPICON_NAME = AppIcon;
				ASSETCATALOG_COMPILER_LAUNCHIMAGE_NAME = "LaunchImage-2";
				CODE_SIGN_ENTITLEMENTS = "LiveTex SDK.entitlements";
				CODE_SIGN_IDENTITY = "iPhone Distribution";
				"CODE_SIGN_IDENTITY[sdk=iphoneos*]" = "iPhone Developer";
				DEBUG_INFORMATION_FORMAT = "dwarf-with-dsym";
				DEVELOPMENT_TEAM = "";
				ENABLE_BITCODE = NO;
				FRAMEWORK_SEARCH_PATHS = (
					"$(inherited)",
					"$(PROJECT_DIR)",
				);
				HEADER_SEARCH_PATHS = (
					"$(inherited)",
					/Applications/Xcode.app/Contents/Developer/Toolchains/XcodeDefault.xctoolchain/usr/include,
					"\"$(SRCROOT)/../../LivetexCore/LivetexCore\"/**",
				);
				INFOPLIST_FILE = LiveTex_SDK_Demo/Info.plist;
				IPHONEOS_DEPLOYMENT_TARGET = 8.0;
				LD_RUNPATH_SEARCH_PATHS = "$(inherited) @executable_path/Frameworks";
				LIBRARY_SEARCH_PATHS = "$(inherited)";
				OTHER_SWIFT_FLAGS = "";
				PRODUCT_BUNDLE_IDENTIFIER = ru.livetex.sdk.mobile;
				PRODUCT_NAME = "$(TARGET_NAME)";
				PROVISIONING_PROFILE = "";
				PROVISIONING_PROFILE_SPECIFIER = "";
				SWIFT_OBJC_BRIDGING_HEADER = LiveTex_SDK_Demo/LTObjcBridging.h;
				SWIFT_VERSION = 4.2;
				TARGETED_DEVICE_FAMILY = 1;
			};
			name = Release;
		};
		7E5707271BC54DE400A6B288 /* Distribution */ = {
			isa = XCBuildConfiguration;
			buildSettings = {
				ALWAYS_SEARCH_USER_PATHS = NO;
				CLANG_ANALYZER_LOCALIZABILITY_NONLOCALIZED = YES;
				CLANG_CXX_LANGUAGE_STANDARD = "gnu++0x";
				CLANG_CXX_LIBRARY = "libc++";
				CLANG_ENABLE_MODULES = YES;
				CLANG_ENABLE_OBJC_ARC = YES;
				CLANG_WARN_BLOCK_CAPTURE_AUTORELEASING = YES;
				CLANG_WARN_BOOL_CONVERSION = YES;
				CLANG_WARN_COMMA = YES;
				CLANG_WARN_CONSTANT_CONVERSION = YES;
				CLANG_WARN_DEPRECATED_OBJC_IMPLEMENTATIONS = YES;
				CLANG_WARN_DIRECT_OBJC_ISA_USAGE = YES_ERROR;
				CLANG_WARN_EMPTY_BODY = YES;
				CLANG_WARN_ENUM_CONVERSION = YES;
				CLANG_WARN_INFINITE_RECURSION = YES;
				CLANG_WARN_INT_CONVERSION = YES;
				CLANG_WARN_NON_LITERAL_NULL_CONVERSION = YES;
				CLANG_WARN_OBJC_IMPLICIT_RETAIN_SELF = YES;
				CLANG_WARN_OBJC_LITERAL_CONVERSION = YES;
				CLANG_WARN_OBJC_ROOT_CLASS = YES_ERROR;
				CLANG_WARN_RANGE_LOOP_ANALYSIS = YES;
				CLANG_WARN_STRICT_PROTOTYPES = YES;
				CLANG_WARN_SUSPICIOUS_MOVE = YES;
				CLANG_WARN_UNREACHABLE_CODE = YES;
				CLANG_WARN__DUPLICATE_METHOD_MATCH = YES;
				CODE_SIGN_IDENTITY = "iPhone Distribution: LiveTex LLC (FJE97HEJ7P)";
				"CODE_SIGN_IDENTITY[sdk=iphoneos*]" = "iPhone Distribution: LiveTex LLC (FJE97HEJ7P)";
				COPY_PHASE_STRIP = YES;
				ENABLE_NS_ASSERTIONS = NO;
				ENABLE_STRICT_OBJC_MSGSEND = YES;
				GCC_C_LANGUAGE_STANDARD = gnu99;
				GCC_NO_COMMON_BLOCKS = YES;
				GCC_WARN_64_TO_32_BIT_CONVERSION = YES;
				GCC_WARN_ABOUT_RETURN_TYPE = YES_ERROR;
				GCC_WARN_UNDECLARED_SELECTOR = YES;
				GCC_WARN_UNINITIALIZED_AUTOS = YES_AGGRESSIVE;
				GCC_WARN_UNUSED_FUNCTION = YES;
				GCC_WARN_UNUSED_VARIABLE = YES;
				IPHONEOS_DEPLOYMENT_TARGET = 8.0;
				MTL_ENABLE_DEBUG_INFO = NO;
				PROVISIONING_PROFILE = "4536b328-5544-4a28-b780-d87bf6cea477";
				SDKROOT = iphoneos;
				VALIDATE_PRODUCT = YES;
			};
			name = Distribution;
		};
		7E5707281BC54DE400A6B288 /* Distribution */ = {
			isa = XCBuildConfiguration;
			baseConfigurationReference = FCFDD0332147618047AEEF8B /* Pods-LiveTex SDK.distribution.xcconfig */;
			buildSettings = {
				ASSETCATALOG_COMPILER_APPICON_NAME = AppIcon;
				ASSETCATALOG_COMPILER_LAUNCHIMAGE_NAME = "LaunchImage-2";
				CODE_SIGN_ENTITLEMENTS = "LiveTex SDK.entitlements";
				CODE_SIGN_IDENTITY = "iPhone Distribution";
				"CODE_SIGN_IDENTITY[sdk=iphoneos*]" = "iPhone Developer";
				DEBUG_INFORMATION_FORMAT = "dwarf-with-dsym";
				DEVELOPMENT_TEAM = "";
				ENABLE_BITCODE = NO;
				FRAMEWORK_SEARCH_PATHS = (
					"$(inherited)",
					"$(PROJECT_DIR)",
				);
				HEADER_SEARCH_PATHS = (
					"$(inherited)",
					/Applications/Xcode.app/Contents/Developer/Toolchains/XcodeDefault.xctoolchain/usr/include,
					"\"$(SRCROOT)/../../LivetexCore/LivetexCore\"/**",
				);
				INFOPLIST_FILE = LiveTex_SDK_Demo/Info.plist;
				IPHONEOS_DEPLOYMENT_TARGET = 8.0;
				LD_RUNPATH_SEARCH_PATHS = "$(inherited) @executable_path/Frameworks";
				LIBRARY_SEARCH_PATHS = "$(inherited)";
				PRODUCT_BUNDLE_IDENTIFIER = ru.livetex.sdk.mobile;
				PRODUCT_NAME = "$(TARGET_NAME)";
				PROVISIONING_PROFILE = "";
				PROVISIONING_PROFILE_SPECIFIER = "";
				SWIFT_OBJC_BRIDGING_HEADER = LiveTex_SDK_Demo/LTObjcBridging.h;
				SWIFT_VERSION = 4.2;
				TARGETED_DEVICE_FAMILY = 1;
			};
			name = Distribution;
		};
/* End XCBuildConfiguration section */

/* Begin XCConfigurationList section */
		55F73AF61A0A6EB800C28B0A /* Build configuration list for PBXProject "LiveTex SDK" */ = {
			isa = XCConfigurationList;
			buildConfigurations = (
				55F73B1B1A0A6EB900C28B0A /* Debug */,
				55F73B1C1A0A6EB900C28B0A /* Release */,
				7E5707271BC54DE400A6B288 /* Distribution */,
			);
			defaultConfigurationIsVisible = 0;
			defaultConfigurationName = Release;
		};
		55F73B1D1A0A6EB900C28B0A /* Build configuration list for PBXNativeTarget "LiveTex SDK" */ = {
			isa = XCConfigurationList;
			buildConfigurations = (
				55F73B1E1A0A6EB900C28B0A /* Debug */,
				55F73B1F1A0A6EB900C28B0A /* Release */,
				7E5707281BC54DE400A6B288 /* Distribution */,
			);
			defaultConfigurationIsVisible = 0;
			defaultConfigurationName = Release;
		};
/* End XCConfigurationList section */
	};
	rootObject = 55F73AF31A0A6EB800C28B0A /* Project object */;
}
